
Microsoft Visual Studio Solution File, Format Version 12.00
# Visual Studio 2012
Project("{FAE04EC0-301F-11D3-BF4B-00C04F79EFBC}") = "Starter-Core-iOS", "Starter-Core\Starter-Core-iOS.csproj", "{B44B8C61-31FB-4598-86F0-DDA8A18F2993}"
EndProject
Project("{FAE04EC0-301F-11D3-BF4B-00C04F79EFBC}") = "Starter-iOS", "Starter-iOS\Starter-iOS.csproj", "{044066A7-4F56-429A-8866-B14CF24E4D41}"
EndProject
Global
	GlobalSection(SolutionConfigurationPlatforms) = preSolution
		Debug|Any CPU = Debug|Any CPU
		Release|Any CPU = Release|Any CPU
		Debug|iPhoneSimulator = Debug|iPhoneSimulator
		Release|iPhoneSimulator = Release|iPhoneSimulator
		Debug|iPhone = Debug|iPhone
		Release|iPhone = Release|iPhone
		Ad-Hoc|iPhone = Ad-Hoc|iPhone
		AppStore|iPhone = AppStore|iPhone
	EndGlobalSection
	GlobalSection(ProjectConfigurationPlatforms) = postSolution
		{044066A7-4F56-429A-8866-B14CF24E4D41}.Ad-Hoc|iPhone.ActiveCfg = Ad-Hoc|iPhone
		{044066A7-4F56-429A-8866-B14CF24E4D41}.Ad-Hoc|iPhone.Build.0 = Ad-Hoc|iPhone
		{044066A7-4F56-429A-8866-B14CF24E4D41}.AppStore|iPhone.ActiveCfg = AppStore|iPhone
		{044066A7-4F56-429A-8866-B14CF24E4D41}.AppStore|iPhone.Build.0 = AppStore|iPhone
		{044066A7-4F56-429A-8866-B14CF24E4D41}.Debug|Any CPU.ActiveCfg = Debug|iPhoneSimulator
		{044066A7-4F56-429A-8866-B14CF24E4D41}.Debug|Any CPU.Build.0 = Debug|iPhoneSimulator
		{044066A7-4F56-429A-8866-B14CF24E4D41}.Debug|iPhone.ActiveCfg = Debug|iPhone
		{044066A7-4F56-429A-8866-B14CF24E4D41}.Debug|iPhone.Build.0 = Debug|iPhone
		{044066A7-4F56-429A-8866-B14CF24E4D41}.Debug|iPhoneSimulator.ActiveCfg = Debug|iPhoneSimulator
		{044066A7-4F56-429A-8866-B14CF24E4D41}.Debug|iPhoneSimulator.Build.0 = Debug|iPhoneSimulator
		{044066A7-4F56-429A-8866-B14CF24E4D41}.Release|Any CPU.ActiveCfg = Release|iPhoneSimulator
		{044066A7-4F56-429A-8866-B14CF24E4D41}.Release|Any CPU.Build.0 = Release|iPhoneSimulator
		{044066A7-4F56-429A-8866-B14CF24E4D41}.Release|iPhone.ActiveCfg = Release|iPhone
		{044066A7-4F56-429A-8866-B14CF24E4D41}.Release|iPhone.Build.0 = Release|iPhone
		{044066A7-4F56-429A-8866-B14CF24E4D41}.Release|iPhoneSimulator.ActiveCfg = Release|iPhoneSimulator
		{044066A7-4F56-429A-8866-B14CF24E4D41}.Release|iPhoneSimulator.Build.0 = Release|iPhoneSimulator
		{B44B8C61-31FB-4598-86F0-DDA8A18F2993}.Ad-Hoc|iPhone.ActiveCfg = Debug|Any CPU
		{B44B8C61-31FB-4598-86F0-DDA8A18F2993}.Ad-Hoc|iPhone.Build.0 = Debug|Any CPU
		{B44B8C61-31FB-4598-86F0-DDA8A18F2993}.AppStore|iPhone.ActiveCfg = Debug|Any CPU
		{B44B8C61-31FB-4598-86F0-DDA8A18F2993}.AppStore|iPhone.Build.0 = Debug|Any CPU
		{B44B8C61-31FB-4598-86F0-DDA8A18F2993}.Debug|Any CPU.ActiveCfg = Debug|Any CPU
		{B44B8C61-31FB-4598-86F0-DDA8A18F2993}.Debug|Any CPU.Build.0 = Debug|Any CPU
		{B44B8C61-31FB-4598-86F0-DDA8A18F2993}.Debug|iPhone.ActiveCfg = Debug|Any CPU
		{B44B8C61-31FB-4598-86F0-DDA8A18F2993}.Debug|iPhone.Build.0 = Debug|Any CPU
		{B44B8C61-31FB-4598-86F0-DDA8A18F2993}.Debug|iPhoneSimulator.ActiveCfg = Debug|Any CPU
		{B44B8C61-31FB-4598-86F0-DDA8A18F2993}.Debug|iPhoneSimulator.Build.0 = Debug|Any CPU
		{B44B8C61-31FB-4598-86F0-DDA8A18F2993}.Release|Any CPU.ActiveCfg = Release|Any CPU
		{B44B8C61-31FB-4598-86F0-DDA8A18F2993}.Release|Any CPU.Build.0 = Release|Any CPU
		{B44B8C61-31FB-4598-86F0-DDA8A18F2993}.Release|iPhone.ActiveCfg = Release|Any CPU
		{B44B8C61-31FB-4598-86F0-DDA8A18F2993}.Release|iPhone.Build.0 = Release|Any CPU
		{B44B8C61-31FB-4598-86F0-DDA8A18F2993}.Release|iPhoneSimulator.ActiveCfg = Release|Any CPU
		{B44B8C61-31FB-4598-86F0-DDA8A18F2993}.Release|iPhoneSimulator.Build.0 = Release|Any CPU
	EndGlobalSection
	GlobalSection(MonoDevelopProperties) = preSolution
		StartupItem = Starter-Core\Starter-Core-iOS.csproj
	EndGlobalSection
EndGlobal
