
Microsoft Visual Studio Solution File, Format Version 12.00
# Visual Studio 2012
Project("{FAE04EC0-301F-11D3-BF4B-00C04F79EFBC}") = "Starter-Core-Android", "Starter-Core\Starter-Core-Android.csproj", "{BD5211E4-6E61-413D-A872-681DAF322379}"
EndProject
Project("{FAE04EC0-301F-11D3-BF4B-00C04F79EFBC}") = "Starter-Android", "Starter-Android\Starter-Android.csproj", "{A12987FB-B625-4502-9D11-89F5A29F7E51}"
EndProject
Global
	GlobalSection(SolutionConfigurationPlatforms) = preSolution
		Debug|Any CPU = Debug|Any CPU
		Release|Any CPU = Release|Any CPU
	EndGlobalSection
	GlobalSection(ProjectConfigurationPlatforms) = postSolution
		{A12987FB-B625-4502-9D11-89F5A29F7E51}.Debug|Any CPU.ActiveCfg = Debug|Any CPU
		{A12987FB-B625-4502-9D11-89F5A29F7E51}.Debug|Any CPU.Build.0 = Debug|Any CPU
		{A12987FB-B625-4502-9D11-89F5A29F7E51}.Release|Any CPU.ActiveCfg = Release|Any CPU
		{A12987FB-B625-4502-9D11-89F5A29F7E51}.Release|Any CPU.Build.0 = Release|Any CPU
		{BD5211E4-6E61-413D-A872-681DAF322379}.Debug|Any CPU.ActiveCfg = Debug|Any CPU
		{BD5211E4-6E61-413D-A872-681DAF322379}.Debug|Any CPU.Build.0 = Debug|Any CPU
		{BD5211E4-6E61-413D-A872-681DAF322379}.Release|Any CPU.ActiveCfg = Release|Any CPU
		{BD5211E4-6E61-413D-A872-681DAF322379}.Release|Any CPU.Build.0 = Release|Any CPU
	EndGlobalSection
	GlobalSection(MonoDevelopProperties) = preSolution
		StartupItem = Starter-Core\Starter-Core-Android.csproj
	EndGlobalSection
EndGlobal
