
Microsoft Visual Studio Solution File, Format Version 12.00
# Visual Studio 2013
VisualStudioVersion = 12.0.30324.0
MinimumVisualStudioVersion = 10.0.40219.1
Project("{FAE04EC0-301F-11D3-BF4B-00C04F79EFBC}") = "Akavache.Tests", "Akavache.Tests\Akavache.Tests.csproj", "{0306DEFB-B42E-48C4-8D03-2AC9E860ADC1}"
EndProject
Project("{FAE04EC0-301F-11D3-BF4B-00C04F79EFBC}") = "Akavache_WP8", "Akavache\Akavache_WP8.csproj", "{A54279A3-3457-41DB-9166-67E05FD0E0B1}"
EndProject
Project("{FAE04EC0-301F-11D3-BF4B-00C04F79EFBC}") = "Akavache_Net45", "Akavache\Akavache_Net45.csproj", "{B4E665E5-6CAF-4414-A6E2-8DE1C3BCF203}"
EndProject
Project("{FAE04EC0-301F-11D3-BF4B-00C04F79EFBC}") = "Akavache_WinRT", "Akavache\Akavache_WinRT.csproj", "{57655198-7A38-48A6-BF95-BE57B2C3D32D}"
EndProject
Project("{FAE04EC0-301F-11D3-BF4B-00C04F79EFBC}") = "Akavache.Sqlite3_WinRT", "Akavache.Sqlite3\Akavache.Sqlite3_WinRT.csproj", "{241C47DF-CA8E-4296-AA03-2C48BB646ABD}"
EndProject
Project("{FAE04EC0-301F-11D3-BF4B-00C04F79EFBC}") = "Akavache.Sqlite3_Net45", "Akavache.Sqlite3\Akavache.Sqlite3_Net45.csproj", "{D2EDD1DF-2F59-4D3C-9983-F5F66ADDFC2B}"
EndProject
Project("{FAE04EC0-301F-11D3-BF4B-00C04F79EFBC}") = "Akavache.Mobile_WP8", "Akavache.Mobile\Akavache.Mobile_WP8.csproj", "{9F13D088-7B83-4922-97DD-18C4CBBDDEAE}"
EndProject
Project("{FAE04EC0-301F-11D3-BF4B-00C04F79EFBC}") = "Akavache.Mobile_WinRT", "Akavache.Mobile\Akavache.Mobile_WinRT.csproj", "{47D34AB1-5188-4D8C-B24F-3151C67CC8CC}"
EndProject
Project("{2150E333-8FDC-42A3-9474-1A3956D46DE8}") = "Mobile", "Mobile", "{D3FCAC54-DE89-4D3D-AAFD-68A378A7A9F1}"
EndProject
Project("{2150E333-8FDC-42A3-9474-1A3956D46DE8}") = "SQLite", "SQLite", "{9E059863-7633-4919-B6A7-627D80186383}"
EndProject
Project("{2150E333-8FDC-42A3-9474-1A3956D46DE8}") = "Tests", "Tests", "{9E586C5C-5E77-4D58-8222-3E94C60E4756}"
EndProject
Project("{2150E333-8FDC-42A3-9474-1A3956D46DE8}") = "Http", "Http", "{0AAE1C57-01E1-4E87-B0DE-C57BC3FB9AF7}"
EndProject
Project("{FAE04EC0-301F-11D3-BF4B-00C04F79EFBC}") = "Akavache.Http_Net45", "Akavache.Http\Akavache.Http_Net45.csproj", "{9837AC44-ED0B-441D-ADD4-6750608D989D}"
EndProject
Project("{FAE04EC0-301F-11D3-BF4B-00C04F79EFBC}") = "Akavache.Http_Portable", "Akavache.Http\Akavache.Http_Portable.csproj", "{1AE0B5AD-847B-481F-BEE0-C8242BD1F819}"
EndProject
Project("{FAE04EC0-301F-11D3-BF4B-00C04F79EFBC}") = "Akavache.Http_WinRT", "Akavache.Http\Akavache.Http_WinRT.csproj", "{57655198-7A39-A8A6-BF95-BE57B2C3D32D}"
EndProject
Project("{FAE04EC0-301F-11D3-BF4B-00C04F79EFBC}") = "Akavache_Portable", "Akavache\Akavache_Portable.csproj", "{EB73ADDD-2FE9-44C0-A1AB-20709B979B64}"
EndProject
Project("{2150E333-8FDC-42A3-9474-1A3956D46DE8}") = "Solution Items", "Solution Items", "{9407D902-E9CF-4CB6-B601-77CDF74B9475}"
	ProjectSection(SolutionItems) = preProject
		CommonAssemblyInfo.cs = CommonAssemblyInfo.cs
		MakeRelease.ps1 = MakeRelease.ps1
	EndProjectSection
EndProject
Project("{2150E333-8FDC-42A3-9474-1A3956D46DE8}") = "Deprecated", "Deprecated", "{403A7511-EACE-4DEA-9CE9-61592FB87C7B}"
EndProject
Project("{FAE04EC0-301F-11D3-BF4B-00C04F79EFBC}") = "Akavache.Deprecated_Net45", "Akavache.Deprecated\Akavache.Deprecated_Net45.csproj", "{1F6FD150-FEA6-4428-8521-781B8A0B31E8}"
EndProject
Project("{FAE04EC0-301F-11D3-BF4B-00C04F79EFBC}") = "Akavache.Deprecated_WinRT", "Akavache.Deprecated\Akavache.Deprecated_WinRT.csproj", "{1FE2625D-844E-4224-B6BC-4E9246AF9C62}"
EndProject
Project("{FAE04EC0-301F-11D3-BF4B-00C04F79EFBC}") = "Akavache.Deprecated_WP8", "Akavache.Deprecated\Akavache.Deprecated_WP8.csproj", "{AC4FCB4C-2A32-4E23-A5AB-7A4268016CBF}"
EndProject
Project("{FAE04EC0-301F-11D3-BF4B-00C04F79EFBC}") = "Akavache_Wpa81", "Akavache\Akavache_Wpa81.csproj", "{6B81F210-8FC7-4061-B22C-7EB577F24FF6}"
EndProject
Project("{FAE04EC0-301F-11D3-BF4B-00C04F79EFBC}") = "Akavache.Sqlite3_Wpa81", "Akavache.Sqlite3\Akavache.Sqlite3_Wpa81.csproj", "{8296E506-3782-424F-9EC1-1028A3100A91}"
EndProject
Project("{FAE04EC0-301F-11D3-BF4B-00C04F79EFBC}") = "Akavache.Mobile_Wpa81", "Akavache.Mobile\Akavache.Mobile_Wpa81.csproj", "{3CC2AFD6-D25F-4C8E-BD4B-31486F368365}"
EndProject
Project("{FAE04EC0-301F-11D3-BF4B-00C04F79EFBC}") = "Akavache.Http_Wpa81", "Akavache.Http\Akavache.Http_Wpa81.csproj", "{4071834C-54D6-434B-94F6-21DB63764FFA}"
EndProject
Global
	GlobalSection(SolutionConfigurationPlatforms) = preSolution
		Debug|Any CPU = Debug|Any CPU
		Debug|ARM = Debug|ARM
		Debug|x64 = Debug|x64
		Debug|x86 = Debug|x86
		Release|Any CPU = Release|Any CPU
		Release|ARM = Release|ARM
		Release|x64 = Release|x64
		Release|x86 = Release|x86
	EndGlobalSection
	GlobalSection(ProjectConfigurationPlatforms) = postSolution
		{0306DEFB-B42E-48C4-8D03-2AC9E860ADC1}.Debug|Any CPU.ActiveCfg = Debug|Any CPU
		{0306DEFB-B42E-48C4-8D03-2AC9E860ADC1}.Debug|Any CPU.Build.0 = Debug|Any CPU
		{0306DEFB-B42E-48C4-8D03-2AC9E860ADC1}.Debug|ARM.ActiveCfg = Debug|Any CPU
		{0306DEFB-B42E-48C4-8D03-2AC9E860ADC1}.Debug|x64.ActiveCfg = Debug|Any CPU
		{0306DEFB-B42E-48C4-8D03-2AC9E860ADC1}.Debug|x86.ActiveCfg = Debug|Any CPU
		{0306DEFB-B42E-48C4-8D03-2AC9E860ADC1}.Release|Any CPU.ActiveCfg = Release|Any CPU
		{0306DEFB-B42E-48C4-8D03-2AC9E860ADC1}.Release|Any CPU.Build.0 = Release|Any CPU
		{0306DEFB-B42E-48C4-8D03-2AC9E860ADC1}.Release|ARM.ActiveCfg = Release|Any CPU
		{0306DEFB-B42E-48C4-8D03-2AC9E860ADC1}.Release|x64.ActiveCfg = Release|Any CPU
		{0306DEFB-B42E-48C4-8D03-2AC9E860ADC1}.Release|x86.ActiveCfg = Release|Any CPU
		{A54279A3-3457-41DB-9166-67E05FD0E0B1}.Debug|Any CPU.ActiveCfg = Debug|Any CPU
		{A54279A3-3457-41DB-9166-67E05FD0E0B1}.Debug|Any CPU.Build.0 = Debug|Any CPU
		{A54279A3-3457-41DB-9166-67E05FD0E0B1}.Debug|ARM.ActiveCfg = Debug|ARM
		{A54279A3-3457-41DB-9166-67E05FD0E0B1}.Debug|ARM.Build.0 = Debug|ARM
		{A54279A3-3457-41DB-9166-67E05FD0E0B1}.Debug|x64.ActiveCfg = Debug|Any CPU
		{A54279A3-3457-41DB-9166-67E05FD0E0B1}.Debug|x86.ActiveCfg = Debug|x86
		{A54279A3-3457-41DB-9166-67E05FD0E0B1}.Debug|x86.Build.0 = Debug|x86
		{A54279A3-3457-41DB-9166-67E05FD0E0B1}.Release|Any CPU.ActiveCfg = Release|Any CPU
		{A54279A3-3457-41DB-9166-67E05FD0E0B1}.Release|Any CPU.Build.0 = Release|Any CPU
		{A54279A3-3457-41DB-9166-67E05FD0E0B1}.Release|ARM.ActiveCfg = Release|ARM
		{A54279A3-3457-41DB-9166-67E05FD0E0B1}.Release|ARM.Build.0 = Release|ARM
		{A54279A3-3457-41DB-9166-67E05FD0E0B1}.Release|x64.ActiveCfg = Release|Any CPU
		{A54279A3-3457-41DB-9166-67E05FD0E0B1}.Release|x86.ActiveCfg = Release|x86
		{A54279A3-3457-41DB-9166-67E05FD0E0B1}.Release|x86.Build.0 = Release|x86
		{B4E665E5-6CAF-4414-A6E2-8DE1C3BCF203}.Debug|Any CPU.ActiveCfg = Debug|Any CPU
		{B4E665E5-6CAF-4414-A6E2-8DE1C3BCF203}.Debug|Any CPU.Build.0 = Debug|Any CPU
		{B4E665E5-6CAF-4414-A6E2-8DE1C3BCF203}.Debug|ARM.ActiveCfg = Debug|Any CPU
		{B4E665E5-6CAF-4414-A6E2-8DE1C3BCF203}.Debug|x64.ActiveCfg = Debug|Any CPU
		{B4E665E5-6CAF-4414-A6E2-8DE1C3BCF203}.Debug|x86.ActiveCfg = Debug|Any CPU
		{B4E665E5-6CAF-4414-A6E2-8DE1C3BCF203}.Release|Any CPU.ActiveCfg = Release|Any CPU
		{B4E665E5-6CAF-4414-A6E2-8DE1C3BCF203}.Release|Any CPU.Build.0 = Release|Any CPU
		{B4E665E5-6CAF-4414-A6E2-8DE1C3BCF203}.Release|ARM.ActiveCfg = Release|Any CPU
		{B4E665E5-6CAF-4414-A6E2-8DE1C3BCF203}.Release|x64.ActiveCfg = Release|Any CPU
		{B4E665E5-6CAF-4414-A6E2-8DE1C3BCF203}.Release|x86.ActiveCfg = Release|Any CPU
		{57655198-7A38-48A6-BF95-BE57B2C3D32D}.Debug|Any CPU.ActiveCfg = Debug|Any CPU
		{57655198-7A38-48A6-BF95-BE57B2C3D32D}.Debug|Any CPU.Build.0 = Debug|Any CPU
		{57655198-7A38-48A6-BF95-BE57B2C3D32D}.Debug|ARM.ActiveCfg = Debug|Any CPU
		{57655198-7A38-48A6-BF95-BE57B2C3D32D}.Debug|x64.ActiveCfg = Debug|Any CPU
		{57655198-7A38-48A6-BF95-BE57B2C3D32D}.Debug|x86.ActiveCfg = Debug|Any CPU
		{57655198-7A38-48A6-BF95-BE57B2C3D32D}.Release|Any CPU.ActiveCfg = Release|Any CPU
		{57655198-7A38-48A6-BF95-BE57B2C3D32D}.Release|Any CPU.Build.0 = Release|Any CPU
		{57655198-7A38-48A6-BF95-BE57B2C3D32D}.Release|ARM.ActiveCfg = Release|Any CPU
		{57655198-7A38-48A6-BF95-BE57B2C3D32D}.Release|x64.ActiveCfg = Release|Any CPU
		{57655198-7A38-48A6-BF95-BE57B2C3D32D}.Release|x86.ActiveCfg = Release|Any CPU
		{241C47DF-CA8E-4296-AA03-2C48BB646ABD}.Debug|Any CPU.ActiveCfg = Debug|Any CPU
		{241C47DF-CA8E-4296-AA03-2C48BB646ABD}.Debug|Any CPU.Build.0 = Debug|Any CPU
		{241C47DF-CA8E-4296-AA03-2C48BB646ABD}.Debug|ARM.ActiveCfg = Debug|Any CPU
		{241C47DF-CA8E-4296-AA03-2C48BB646ABD}.Debug|x64.ActiveCfg = Debug|Any CPU
		{241C47DF-CA8E-4296-AA03-2C48BB646ABD}.Debug|x86.ActiveCfg = Debug|Any CPU
		{241C47DF-CA8E-4296-AA03-2C48BB646ABD}.Release|Any CPU.ActiveCfg = Release|Any CPU
		{241C47DF-CA8E-4296-AA03-2C48BB646ABD}.Release|Any CPU.Build.0 = Release|Any CPU
		{241C47DF-CA8E-4296-AA03-2C48BB646ABD}.Release|ARM.ActiveCfg = Release|Any CPU
		{241C47DF-CA8E-4296-AA03-2C48BB646ABD}.Release|x64.ActiveCfg = Release|Any CPU
		{241C47DF-CA8E-4296-AA03-2C48BB646ABD}.Release|x86.ActiveCfg = Release|Any CPU
		{D2EDD1DF-2F59-4D3C-9983-F5F66ADDFC2B}.Debug|Any CPU.ActiveCfg = Debug|Any CPU
		{D2EDD1DF-2F59-4D3C-9983-F5F66ADDFC2B}.Debug|Any CPU.Build.0 = Debug|Any CPU
		{D2EDD1DF-2F59-4D3C-9983-F5F66ADDFC2B}.Debug|ARM.ActiveCfg = Debug|Any CPU
		{D2EDD1DF-2F59-4D3C-9983-F5F66ADDFC2B}.Debug|x64.ActiveCfg = Debug|Any CPU
		{D2EDD1DF-2F59-4D3C-9983-F5F66ADDFC2B}.Debug|x86.ActiveCfg = Debug|Any CPU
		{D2EDD1DF-2F59-4D3C-9983-F5F66ADDFC2B}.Release|Any CPU.ActiveCfg = Release|Any CPU
		{D2EDD1DF-2F59-4D3C-9983-F5F66ADDFC2B}.Release|Any CPU.Build.0 = Release|Any CPU
		{D2EDD1DF-2F59-4D3C-9983-F5F66ADDFC2B}.Release|ARM.ActiveCfg = Release|Any CPU
		{D2EDD1DF-2F59-4D3C-9983-F5F66ADDFC2B}.Release|x64.ActiveCfg = Release|Any CPU
		{D2EDD1DF-2F59-4D3C-9983-F5F66ADDFC2B}.Release|x86.ActiveCfg = Release|Any CPU
		{9F13D088-7B83-4922-97DD-18C4CBBDDEAE}.Debug|Any CPU.ActiveCfg = Debug|Any CPU
		{9F13D088-7B83-4922-97DD-18C4CBBDDEAE}.Debug|Any CPU.Build.0 = Debug|Any CPU
		{9F13D088-7B83-4922-97DD-18C4CBBDDEAE}.Debug|ARM.ActiveCfg = Debug|ARM
		{9F13D088-7B83-4922-97DD-18C4CBBDDEAE}.Debug|ARM.Build.0 = Debug|ARM
		{9F13D088-7B83-4922-97DD-18C4CBBDDEAE}.Debug|x64.ActiveCfg = Debug|Any CPU
		{9F13D088-7B83-4922-97DD-18C4CBBDDEAE}.Debug|x86.ActiveCfg = Debug|x86
		{9F13D088-7B83-4922-97DD-18C4CBBDDEAE}.Debug|x86.Build.0 = Debug|x86
		{9F13D088-7B83-4922-97DD-18C4CBBDDEAE}.Release|Any CPU.ActiveCfg = Release|Any CPU
		{9F13D088-7B83-4922-97DD-18C4CBBDDEAE}.Release|Any CPU.Build.0 = Release|Any CPU
		{9F13D088-7B83-4922-97DD-18C4CBBDDEAE}.Release|ARM.ActiveCfg = Release|ARM
		{9F13D088-7B83-4922-97DD-18C4CBBDDEAE}.Release|ARM.Build.0 = Release|ARM
		{9F13D088-7B83-4922-97DD-18C4CBBDDEAE}.Release|x64.ActiveCfg = Release|Any CPU
		{9F13D088-7B83-4922-97DD-18C4CBBDDEAE}.Release|x86.ActiveCfg = Release|x86
		{9F13D088-7B83-4922-97DD-18C4CBBDDEAE}.Release|x86.Build.0 = Release|x86
		{47D34AB1-5188-4D8C-B24F-3151C67CC8CC}.Debug|Any CPU.ActiveCfg = Debug|Any CPU
		{47D34AB1-5188-4D8C-B24F-3151C67CC8CC}.Debug|Any CPU.Build.0 = Debug|Any CPU
		{47D34AB1-5188-4D8C-B24F-3151C67CC8CC}.Debug|ARM.ActiveCfg = Debug|Any CPU
		{47D34AB1-5188-4D8C-B24F-3151C67CC8CC}.Debug|x64.ActiveCfg = Debug|Any CPU
		{47D34AB1-5188-4D8C-B24F-3151C67CC8CC}.Debug|x86.ActiveCfg = Debug|Any CPU
		{47D34AB1-5188-4D8C-B24F-3151C67CC8CC}.Release|Any CPU.ActiveCfg = Release|Any CPU
		{47D34AB1-5188-4D8C-B24F-3151C67CC8CC}.Release|Any CPU.Build.0 = Release|Any CPU
		{47D34AB1-5188-4D8C-B24F-3151C67CC8CC}.Release|ARM.ActiveCfg = Release|Any CPU
		{47D34AB1-5188-4D8C-B24F-3151C67CC8CC}.Release|x64.ActiveCfg = Release|Any CPU
		{47D34AB1-5188-4D8C-B24F-3151C67CC8CC}.Release|x86.ActiveCfg = Release|Any CPU
		{9837AC44-ED0B-441D-ADD4-6750608D989D}.Debug|Any CPU.ActiveCfg = Debug|Any CPU
		{9837AC44-ED0B-441D-ADD4-6750608D989D}.Debug|Any CPU.Build.0 = Debug|Any CPU
		{9837AC44-ED0B-441D-ADD4-6750608D989D}.Debug|ARM.ActiveCfg = Debug|Any CPU
		{9837AC44-ED0B-441D-ADD4-6750608D989D}.Debug|x64.ActiveCfg = Debug|Any CPU
		{9837AC44-ED0B-441D-ADD4-6750608D989D}.Debug|x86.ActiveCfg = Debug|Any CPU
		{9837AC44-ED0B-441D-ADD4-6750608D989D}.Release|Any CPU.ActiveCfg = Release|Any CPU
		{9837AC44-ED0B-441D-ADD4-6750608D989D}.Release|Any CPU.Build.0 = Release|Any CPU
		{9837AC44-ED0B-441D-ADD4-6750608D989D}.Release|ARM.ActiveCfg = Release|Any CPU
		{9837AC44-ED0B-441D-ADD4-6750608D989D}.Release|x64.ActiveCfg = Release|Any CPU
		{9837AC44-ED0B-441D-ADD4-6750608D989D}.Release|x86.ActiveCfg = Release|Any CPU
		{1AE0B5AD-847B-481F-BEE0-C8242BD1F819}.Debug|Any CPU.ActiveCfg = Debug|Any CPU
		{1AE0B5AD-847B-481F-BEE0-C8242BD1F819}.Debug|Any CPU.Build.0 = Debug|Any CPU
		{1AE0B5AD-847B-481F-BEE0-C8242BD1F819}.Debug|ARM.ActiveCfg = Debug|Any CPU
		{1AE0B5AD-847B-481F-BEE0-C8242BD1F819}.Debug|x64.ActiveCfg = Debug|Any CPU
		{1AE0B5AD-847B-481F-BEE0-C8242BD1F819}.Debug|x86.ActiveCfg = Debug|Any CPU
		{1AE0B5AD-847B-481F-BEE0-C8242BD1F819}.Release|Any CPU.ActiveCfg = Release|Any CPU
		{1AE0B5AD-847B-481F-BEE0-C8242BD1F819}.Release|Any CPU.Build.0 = Release|Any CPU
		{1AE0B5AD-847B-481F-BEE0-C8242BD1F819}.Release|ARM.ActiveCfg = Release|Any CPU
		{1AE0B5AD-847B-481F-BEE0-C8242BD1F819}.Release|x64.ActiveCfg = Release|Any CPU
		{1AE0B5AD-847B-481F-BEE0-C8242BD1F819}.Release|x86.ActiveCfg = Release|Any CPU
		{57655198-7A39-A8A6-BF95-BE57B2C3D32D}.Debug|Any CPU.ActiveCfg = Debug|Any CPU
		{57655198-7A39-A8A6-BF95-BE57B2C3D32D}.Debug|Any CPU.Build.0 = Debug|Any CPU
		{57655198-7A39-A8A6-BF95-BE57B2C3D32D}.Debug|ARM.ActiveCfg = Debug|ARM
		{57655198-7A39-A8A6-BF95-BE57B2C3D32D}.Debug|ARM.Build.0 = Debug|ARM
		{57655198-7A39-A8A6-BF95-BE57B2C3D32D}.Debug|x64.ActiveCfg = Debug|x64
		{57655198-7A39-A8A6-BF95-BE57B2C3D32D}.Debug|x64.Build.0 = Debug|x64
		{57655198-7A39-A8A6-BF95-BE57B2C3D32D}.Debug|x86.ActiveCfg = Debug|x86
		{57655198-7A39-A8A6-BF95-BE57B2C3D32D}.Debug|x86.Build.0 = Debug|x86
		{57655198-7A39-A8A6-BF95-BE57B2C3D32D}.Release|Any CPU.ActiveCfg = Release|Any CPU
		{57655198-7A39-A8A6-BF95-BE57B2C3D32D}.Release|Any CPU.Build.0 = Release|Any CPU
		{57655198-7A39-A8A6-BF95-BE57B2C3D32D}.Release|ARM.ActiveCfg = Release|ARM
		{57655198-7A39-A8A6-BF95-BE57B2C3D32D}.Release|ARM.Build.0 = Release|ARM
		{57655198-7A39-A8A6-BF95-BE57B2C3D32D}.Release|x64.ActiveCfg = Release|x64
		{57655198-7A39-A8A6-BF95-BE57B2C3D32D}.Release|x64.Build.0 = Release|x64
		{57655198-7A39-A8A6-BF95-BE57B2C3D32D}.Release|x86.ActiveCfg = Release|x86
		{57655198-7A39-A8A6-BF95-BE57B2C3D32D}.Release|x86.Build.0 = Release|x86
		{EB73ADDD-2FE9-44C0-A1AB-20709B979B64}.Debug|Any CPU.ActiveCfg = Debug|Any CPU
		{EB73ADDD-2FE9-44C0-A1AB-20709B979B64}.Debug|Any CPU.Build.0 = Debug|Any CPU
		{EB73ADDD-2FE9-44C0-A1AB-20709B979B64}.Debug|ARM.ActiveCfg = Debug|Any CPU
		{EB73ADDD-2FE9-44C0-A1AB-20709B979B64}.Debug|x64.ActiveCfg = Debug|Any CPU
		{EB73ADDD-2FE9-44C0-A1AB-20709B979B64}.Debug|x86.ActiveCfg = Debug|Any CPU
		{EB73ADDD-2FE9-44C0-A1AB-20709B979B64}.Release|Any CPU.ActiveCfg = Release|Any CPU
		{EB73ADDD-2FE9-44C0-A1AB-20709B979B64}.Release|Any CPU.Build.0 = Release|Any CPU
		{EB73ADDD-2FE9-44C0-A1AB-20709B979B64}.Release|ARM.ActiveCfg = Release|Any CPU
		{EB73ADDD-2FE9-44C0-A1AB-20709B979B64}.Release|x64.ActiveCfg = Release|Any CPU
		{EB73ADDD-2FE9-44C0-A1AB-20709B979B64}.Release|x86.ActiveCfg = Release|Any CPU
		{1F6FD150-FEA6-4428-8521-781B8A0B31E8}.Debug|Any CPU.ActiveCfg = Debug|Any CPU
		{1F6FD150-FEA6-4428-8521-781B8A0B31E8}.Debug|Any CPU.Build.0 = Debug|Any CPU
		{1F6FD150-FEA6-4428-8521-781B8A0B31E8}.Debug|ARM.ActiveCfg = Debug|Any CPU
		{1F6FD150-FEA6-4428-8521-781B8A0B31E8}.Debug|x64.ActiveCfg = Debug|Any CPU
		{1F6FD150-FEA6-4428-8521-781B8A0B31E8}.Debug|x86.ActiveCfg = Debug|Any CPU
		{1F6FD150-FEA6-4428-8521-781B8A0B31E8}.Release|Any CPU.ActiveCfg = Release|Any CPU
		{1F6FD150-FEA6-4428-8521-781B8A0B31E8}.Release|Any CPU.Build.0 = Release|Any CPU
		{1F6FD150-FEA6-4428-8521-781B8A0B31E8}.Release|ARM.ActiveCfg = Release|Any CPU
		{1F6FD150-FEA6-4428-8521-781B8A0B31E8}.Release|x64.ActiveCfg = Release|Any CPU
		{1F6FD150-FEA6-4428-8521-781B8A0B31E8}.Release|x86.ActiveCfg = Release|Any CPU
		{1FE2625D-844E-4224-B6BC-4E9246AF9C62}.Debug|Any CPU.ActiveCfg = Debug|Any CPU
		{1FE2625D-844E-4224-B6BC-4E9246AF9C62}.Debug|Any CPU.Build.0 = Debug|Any CPU
		{1FE2625D-844E-4224-B6BC-4E9246AF9C62}.Debug|ARM.ActiveCfg = Debug|Any CPU
		{1FE2625D-844E-4224-B6BC-4E9246AF9C62}.Debug|x64.ActiveCfg = Debug|Any CPU
		{1FE2625D-844E-4224-B6BC-4E9246AF9C62}.Debug|x86.ActiveCfg = Debug|Any CPU
		{1FE2625D-844E-4224-B6BC-4E9246AF9C62}.Release|Any CPU.ActiveCfg = Release|Any CPU
		{1FE2625D-844E-4224-B6BC-4E9246AF9C62}.Release|Any CPU.Build.0 = Release|Any CPU
		{1FE2625D-844E-4224-B6BC-4E9246AF9C62}.Release|ARM.ActiveCfg = Release|Any CPU
		{1FE2625D-844E-4224-B6BC-4E9246AF9C62}.Release|x64.ActiveCfg = Release|Any CPU
		{1FE2625D-844E-4224-B6BC-4E9246AF9C62}.Release|x86.ActiveCfg = Release|Any CPU
		{AC4FCB4C-2A32-4E23-A5AB-7A4268016CBF}.Debug|Any CPU.ActiveCfg = Debug|Any CPU
		{AC4FCB4C-2A32-4E23-A5AB-7A4268016CBF}.Debug|Any CPU.Build.0 = Debug|Any CPU
		{AC4FCB4C-2A32-4E23-A5AB-7A4268016CBF}.Debug|ARM.ActiveCfg = Debug|ARM
		{AC4FCB4C-2A32-4E23-A5AB-7A4268016CBF}.Debug|ARM.Build.0 = Debug|ARM
		{AC4FCB4C-2A32-4E23-A5AB-7A4268016CBF}.Debug|x64.ActiveCfg = Debug|Any CPU
		{AC4FCB4C-2A32-4E23-A5AB-7A4268016CBF}.Debug|x86.ActiveCfg = Debug|x86
		{AC4FCB4C-2A32-4E23-A5AB-7A4268016CBF}.Debug|x86.Build.0 = Debug|x86
		{AC4FCB4C-2A32-4E23-A5AB-7A4268016CBF}.Release|Any CPU.ActiveCfg = Release|Any CPU
		{AC4FCB4C-2A32-4E23-A5AB-7A4268016CBF}.Release|Any CPU.Build.0 = Release|Any CPU
		{AC4FCB4C-2A32-4E23-A5AB-7A4268016CBF}.Release|ARM.ActiveCfg = Release|ARM
		{AC4FCB4C-2A32-4E23-A5AB-7A4268016CBF}.Release|ARM.Build.0 = Release|ARM
		{AC4FCB4C-2A32-4E23-A5AB-7A4268016CBF}.Release|x64.ActiveCfg = Release|Any CPU
		{AC4FCB4C-2A32-4E23-A5AB-7A4268016CBF}.Release|x86.ActiveCfg = Release|x86
		{AC4FCB4C-2A32-4E23-A5AB-7A4268016CBF}.Release|x86.Build.0 = Release|x86
		{6B81F210-8FC7-4061-B22C-7EB577F24FF6}.Debug|Any CPU.ActiveCfg = Debug|Any CPU
		{6B81F210-8FC7-4061-B22C-7EB577F24FF6}.Debug|Any CPU.Build.0 = Debug|Any CPU
		{6B81F210-8FC7-4061-B22C-7EB577F24FF6}.Debug|ARM.ActiveCfg = Debug|Any CPU
		{6B81F210-8FC7-4061-B22C-7EB577F24FF6}.Debug|x64.ActiveCfg = Debug|Any CPU
		{6B81F210-8FC7-4061-B22C-7EB577F24FF6}.Debug|x86.ActiveCfg = Debug|Any CPU
		{6B81F210-8FC7-4061-B22C-7EB577F24FF6}.Release|Any CPU.ActiveCfg = Release|Any CPU
		{6B81F210-8FC7-4061-B22C-7EB577F24FF6}.Release|Any CPU.Build.0 = Release|Any CPU
		{6B81F210-8FC7-4061-B22C-7EB577F24FF6}.Release|ARM.ActiveCfg = Release|Any CPU
		{6B81F210-8FC7-4061-B22C-7EB577F24FF6}.Release|x64.ActiveCfg = Release|Any CPU
		{6B81F210-8FC7-4061-B22C-7EB577F24FF6}.Release|x86.ActiveCfg = Release|Any CPU
		{8296E506-3782-424F-9EC1-1028A3100A91}.Debug|Any CPU.ActiveCfg = Debug|Any CPU
		{8296E506-3782-424F-9EC1-1028A3100A91}.Debug|Any CPU.Build.0 = Debug|Any CPU
		{8296E506-3782-424F-9EC1-1028A3100A91}.Debug|ARM.ActiveCfg = Debug|Any CPU
		{8296E506-3782-424F-9EC1-1028A3100A91}.Debug|x64.ActiveCfg = Debug|Any CPU
		{8296E506-3782-424F-9EC1-1028A3100A91}.Debug|x86.ActiveCfg = Debug|Any CPU
		{8296E506-3782-424F-9EC1-1028A3100A91}.Release|Any CPU.ActiveCfg = Release|Any CPU
		{8296E506-3782-424F-9EC1-1028A3100A91}.Release|Any CPU.Build.0 = Release|Any CPU
		{8296E506-3782-424F-9EC1-1028A3100A91}.Release|ARM.ActiveCfg = Release|Any CPU
		{8296E506-3782-424F-9EC1-1028A3100A91}.Release|x64.ActiveCfg = Release|Any CPU
		{8296E506-3782-424F-9EC1-1028A3100A91}.Release|x86.ActiveCfg = Release|Any CPU
		{3CC2AFD6-D25F-4C8E-BD4B-31486F368365}.Debug|Any CPU.ActiveCfg = Debug|Any CPU
		{3CC2AFD6-D25F-4C8E-BD4B-31486F368365}.Debug|Any CPU.Build.0 = Debug|Any CPU
		{3CC2AFD6-D25F-4C8E-BD4B-31486F368365}.Debug|ARM.ActiveCfg = Debug|Any CPU
		{3CC2AFD6-D25F-4C8E-BD4B-31486F368365}.Debug|x64.ActiveCfg = Debug|Any CPU
		{3CC2AFD6-D25F-4C8E-BD4B-31486F368365}.Debug|x86.ActiveCfg = Debug|Any CPU
		{3CC2AFD6-D25F-4C8E-BD4B-31486F368365}.Release|Any CPU.ActiveCfg = Release|Any CPU
		{3CC2AFD6-D25F-4C8E-BD4B-31486F368365}.Release|Any CPU.Build.0 = Release|Any CPU
		{3CC2AFD6-D25F-4C8E-BD4B-31486F368365}.Release|ARM.ActiveCfg = Release|Any CPU
		{3CC2AFD6-D25F-4C8E-BD4B-31486F368365}.Release|x64.ActiveCfg = Release|Any CPU
		{3CC2AFD6-D25F-4C8E-BD4B-31486F368365}.Release|x86.ActiveCfg = Release|Any CPU
		{4071834C-54D6-434B-94F6-21DB63764FFA}.Debug|Any CPU.ActiveCfg = Debug|Any CPU
		{4071834C-54D6-434B-94F6-21DB63764FFA}.Debug|Any CPU.Build.0 = Debug|Any CPU
		{4071834C-54D6-434B-94F6-21DB63764FFA}.Debug|ARM.ActiveCfg = Debug|ARM
		{4071834C-54D6-434B-94F6-21DB63764FFA}.Debug|ARM.Build.0 = Debug|ARM
		{4071834C-54D6-434B-94F6-21DB63764FFA}.Debug|x64.ActiveCfg = Debug|x64
		{4071834C-54D6-434B-94F6-21DB63764FFA}.Debug|x64.Build.0 = Debug|x64
		{4071834C-54D6-434B-94F6-21DB63764FFA}.Debug|x86.ActiveCfg = Debug|x86
		{4071834C-54D6-434B-94F6-21DB63764FFA}.Debug|x86.Build.0 = Debug|x86
		{4071834C-54D6-434B-94F6-21DB63764FFA}.Release|Any CPU.ActiveCfg = Release|Any CPU
		{4071834C-54D6-434B-94F6-21DB63764FFA}.Release|Any CPU.Build.0 = Release|Any CPU
		{4071834C-54D6-434B-94F6-21DB63764FFA}.Release|ARM.ActiveCfg = Release|ARM
		{4071834C-54D6-434B-94F6-21DB63764FFA}.Release|ARM.Build.0 = Release|ARM
		{4071834C-54D6-434B-94F6-21DB63764FFA}.Release|x64.ActiveCfg = Release|x64
		{4071834C-54D6-434B-94F6-21DB63764FFA}.Release|x64.Build.0 = Release|x64
		{4071834C-54D6-434B-94F6-21DB63764FFA}.Release|x86.ActiveCfg = Release|x86
		{4071834C-54D6-434B-94F6-21DB63764FFA}.Release|x86.Build.0 = Release|x86
	EndGlobalSection
	GlobalSection(SolutionProperties) = preSolution
		HideSolutionNode = FALSE
	EndGlobalSection
	GlobalSection(NestedProjects) = preSolution
		{0306DEFB-B42E-48C4-8D03-2AC9E860ADC1} = {9E586C5C-5E77-4D58-8222-3E94C60E4756}
		{241C47DF-CA8E-4296-AA03-2C48BB646ABD} = {9E059863-7633-4919-B6A7-627D80186383}
		{D2EDD1DF-2F59-4D3C-9983-F5F66ADDFC2B} = {9E059863-7633-4919-B6A7-627D80186383}
		{9F13D088-7B83-4922-97DD-18C4CBBDDEAE} = {D3FCAC54-DE89-4D3D-AAFD-68A378A7A9F1}
		{47D34AB1-5188-4D8C-B24F-3151C67CC8CC} = {D3FCAC54-DE89-4D3D-AAFD-68A378A7A9F1}
		{9837AC44-ED0B-441D-ADD4-6750608D989D} = {0AAE1C57-01E1-4E87-B0DE-C57BC3FB9AF7}
		{1AE0B5AD-847B-481F-BEE0-C8242BD1F819} = {0AAE1C57-01E1-4E87-B0DE-C57BC3FB9AF7}
		{57655198-7A39-A8A6-BF95-BE57B2C3D32D} = {0AAE1C57-01E1-4E87-B0DE-C57BC3FB9AF7}
		{1F6FD150-FEA6-4428-8521-781B8A0B31E8} = {403A7511-EACE-4DEA-9CE9-61592FB87C7B}
		{1FE2625D-844E-4224-B6BC-4E9246AF9C62} = {403A7511-EACE-4DEA-9CE9-61592FB87C7B}
		{AC4FCB4C-2A32-4E23-A5AB-7A4268016CBF} = {403A7511-EACE-4DEA-9CE9-61592FB87C7B}
		{8296E506-3782-424F-9EC1-1028A3100A91} = {9E059863-7633-4919-B6A7-627D80186383}
		{3CC2AFD6-D25F-4C8E-BD4B-31486F368365} = {D3FCAC54-DE89-4D3D-AAFD-68A378A7A9F1}
		{4071834C-54D6-434B-94F6-21DB63764FFA} = {0AAE1C57-01E1-4E87-B0DE-C57BC3FB9AF7}
	EndGlobalSection
EndGlobal
