
Microsoft Visual Studio Solution File, Format Version 12.00
# Visual Studio 2013
VisualStudioVersion = 12.0.30501.0
MinimumVisualStudioVersion = 10.0.40219.1
Project("{FAE04EC0-301F-11D3-BF4B-00C04F79EFBC}") = "Akavache.Tests", "Akavache.Tests\Akavache.Tests.csproj", "{0306DEFB-B42E-48C4-8D03-2AC9E860ADC1}"
EndProject
Project("{FAE04EC0-301F-11D3-BF4B-00C04F79EFBC}") = "Akavache_WP8", "Akavache\Akavache_WP8.csproj", "{A54279A3-3457-41DB-9166-67E05FD0E0B1}"
EndProject
Project("{FAE04EC0-301F-11D3-BF4B-00C04F79EFBC}") = "Akavache_Net45", "Akavache\Akavache_Net45.csproj", "{B4E665E5-6CAF-4414-A6E2-8DE1C3BCF203}"
EndProject
Project("{FAE04EC0-301F-11D3-BF4B-00C04F79EFBC}") = "Akavache_WinRT", "Akavache\Akavache_WinRT.csproj", "{57655198-7A38-48A6-BF95-BE57B2C3D32D}"
EndProject
Project("{FAE04EC0-301F-11D3-BF4B-00C04F79EFBC}") = "Akavache.Mobile_WP8", "Akavache.Mobile\Akavache.Mobile_WP8.csproj", "{9F13D088-7B83-4922-97DD-18C4CBBDDEAE}"
EndProject
Project("{FAE04EC0-301F-11D3-BF4B-00C04F79EFBC}") = "Akavache.Mobile_WinRT", "Akavache.Mobile\Akavache.Mobile_WinRT.csproj", "{3CC2AFD6-D25F-4C8E-BD4B-31486F368365}"
EndProject
Project("{2150E333-8FDC-42A3-9474-1A3956D46DE8}") = "Mobile", "Mobile", "{D3FCAC54-DE89-4D3D-AAFD-68A378A7A9F1}"
EndProject
Project("{2150E333-8FDC-42A3-9474-1A3956D46DE8}") = "SQLite", "SQLite", "{9E059863-7633-4919-B6A7-627D80186383}"
EndProject
Project("{2150E333-8FDC-42A3-9474-1A3956D46DE8}") = "Tests", "Tests", "{9E586C5C-5E77-4D58-8222-3E94C60E4756}"
EndProject
Project("{FAE04EC0-301F-11D3-BF4B-00C04F79EFBC}") = "Akavache_Portable", "Akavache\Akavache_Portable.csproj", "{EB73ADDD-2FE9-44C0-A1AB-20709B979B64}"
EndProject
Project("{2150E333-8FDC-42A3-9474-1A3956D46DE8}") = "Solution Items", "Solution Items", "{9407D902-E9CF-4CB6-B601-77CDF74B9475}"
	ProjectSection(SolutionItems) = preProject
		CommonAssemblyInfo.cs = CommonAssemblyInfo.cs
		MakeRelease.ps1 = MakeRelease.ps1
	EndProjectSection
EndProject
Project("{2150E333-8FDC-42A3-9474-1A3956D46DE8}") = "Deprecated", "Deprecated", "{403A7511-EACE-4DEA-9CE9-61592FB87C7B}"
EndProject
Project("{FAE04EC0-301F-11D3-BF4B-00C04F79EFBC}") = "Akavache_WinRT80", "Akavache\Akavache_WinRT80.csproj", "{74CCFBB6-7A56-461F-8DB6-93594BB4112E}"
EndProject
Project("{FAE04EC0-301F-11D3-BF4B-00C04F79EFBC}") = "Akavache.Mobile_WinRT80", "Akavache.Mobile\Akavache.Mobile_WinRT80.csproj", "{47D34AB1-5188-4D8C-B24F-3151C67CC8CC}"
EndProject
Project("{FAE04EC0-301F-11D3-BF4B-00C04F79EFBC}") = "Akavache.Sqlite3", "Akavache.Sqlite3\Akavache.Sqlite3.csproj", "{241C47DF-CA8E-4296-AA03-2C48BB646ABD}"
EndProject
Project("{FAE04EC0-301F-11D3-BF4B-00C04F79EFBC}") = "Akavache.Deprecated", "Akavache.Deprecated\Akavache.Deprecated.csproj", "{1FE2625D-844E-4224-B6BC-4E9246AF9C62}"
EndProject
Global
	GlobalSection(SolutionConfigurationPlatforms) = preSolution
		Debug|Any CPU = Debug|Any CPU
		Debug|ARM = Debug|ARM
		Debug|Mixed Platforms = Debug|Mixed Platforms
		Debug|x64 = Debug|x64
		Debug|x86 = Debug|x86
		Release|Any CPU = Release|Any CPU
		Release|ARM = Release|ARM
		Release|Mixed Platforms = Release|Mixed Platforms
		Release|x64 = Release|x64
		Release|x86 = Release|x86
	EndGlobalSection
	GlobalSection(ProjectConfigurationPlatforms) = postSolution
		{0306DEFB-B42E-48C4-8D03-2AC9E860ADC1}.Debug|Any CPU.ActiveCfg = Debug|x86
		{0306DEFB-B42E-48C4-8D03-2AC9E860ADC1}.Debug|ARM.ActiveCfg = Debug|x86
		{0306DEFB-B42E-48C4-8D03-2AC9E860ADC1}.Debug|Mixed Platforms.ActiveCfg = Debug|x86
		{0306DEFB-B42E-48C4-8D03-2AC9E860ADC1}.Debug|Mixed Platforms.Build.0 = Debug|x86
		{0306DEFB-B42E-48C4-8D03-2AC9E860ADC1}.Debug|x64.ActiveCfg = Debug|x86
		{0306DEFB-B42E-48C4-8D03-2AC9E860ADC1}.Debug|x86.ActiveCfg = Debug|x86
		{0306DEFB-B42E-48C4-8D03-2AC9E860ADC1}.Debug|x86.Build.0 = Debug|x86
		{0306DEFB-B42E-48C4-8D03-2AC9E860ADC1}.Release|Any CPU.ActiveCfg = Release|x86
		{0306DEFB-B42E-48C4-8D03-2AC9E860ADC1}.Release|Any CPU.Build.0 = Release|x86
		{0306DEFB-B42E-48C4-8D03-2AC9E860ADC1}.Release|ARM.ActiveCfg = Release|x86
		{0306DEFB-B42E-48C4-8D03-2AC9E860ADC1}.Release|Mixed Platforms.ActiveCfg = Release|x86
		{0306DEFB-B42E-48C4-8D03-2AC9E860ADC1}.Release|Mixed Platforms.Build.0 = Release|x86
		{0306DEFB-B42E-48C4-8D03-2AC9E860ADC1}.Release|x64.ActiveCfg = Release|x86
		{0306DEFB-B42E-48C4-8D03-2AC9E860ADC1}.Release|x86.ActiveCfg = Release|x86
		{0306DEFB-B42E-48C4-8D03-2AC9E860ADC1}.Release|x86.Build.0 = Release|x86
		{A54279A3-3457-41DB-9166-67E05FD0E0B1}.Debug|Any CPU.ActiveCfg = Debug|Any CPU
		{A54279A3-3457-41DB-9166-67E05FD0E0B1}.Debug|Any CPU.Build.0 = Debug|Any CPU
		{A54279A3-3457-41DB-9166-67E05FD0E0B1}.Debug|ARM.ActiveCfg = Debug|ARM
		{A54279A3-3457-41DB-9166-67E05FD0E0B1}.Debug|ARM.Build.0 = Debug|ARM
		{A54279A3-3457-41DB-9166-67E05FD0E0B1}.Debug|ARM.ActiveCfg = Debug|Any CPU
		{A54279A3-3457-41DB-9166-67E05FD0E0B1}.Debug|Mixed Platforms.ActiveCfg = Debug|Any CPU
		{A54279A3-3457-41DB-9166-67E05FD0E0B1}.Debug|Mixed Platforms.Build.0 = Debug|Any CPU
		{A54279A3-3457-41DB-9166-67E05FD0E0B1}.Debug|x64.ActiveCfg = Debug|Any CPU
		{A54279A3-3457-41DB-9166-67E05FD0E0B1}.Debug|x86.ActiveCfg = Debug|Any CPU
		{A54279A3-3457-41DB-9166-67E05FD0E0B1}.Release|Any CPU.ActiveCfg = Release|Any CPU
		{A54279A3-3457-41DB-9166-67E05FD0E0B1}.Release|Any CPU.Build.0 = Release|Any CPU
		{A54279A3-3457-41DB-9166-67E05FD0E0B1}.Release|ARM.ActiveCfg = Release|Any CPU
		{A54279A3-3457-41DB-9166-67E05FD0E0B1}.Release|Mixed Platforms.ActiveCfg = Release|Any CPU
		{A54279A3-3457-41DB-9166-67E05FD0E0B1}.Release|Mixed Platforms.Build.0 = Release|Any CPU
		{A54279A3-3457-41DB-9166-67E05FD0E0B1}.Release|x64.ActiveCfg = Release|Any CPU
		{A54279A3-3457-41DB-9166-67E05FD0E0B1}.Release|x86.ActiveCfg = Release|Any CPU
		{B4E665E5-6CAF-4414-A6E2-8DE1C3BCF203}.Debug|Any CPU.ActiveCfg = Debug|Any CPU
		{B4E665E5-6CAF-4414-A6E2-8DE1C3BCF203}.Debug|Any CPU.Build.0 = Debug|Any CPU
		{B4E665E5-6CAF-4414-A6E2-8DE1C3BCF203}.Debug|ARM.ActiveCfg = Debug|Any CPU
		{B4E665E5-6CAF-4414-A6E2-8DE1C3BCF203}.Debug|Mixed Platforms.ActiveCfg = Debug|Any CPU
		{B4E665E5-6CAF-4414-A6E2-8DE1C3BCF203}.Debug|Mixed Platforms.Build.0 = Debug|Any CPU
		{B4E665E5-6CAF-4414-A6E2-8DE1C3BCF203}.Debug|x64.ActiveCfg = Debug|Any CPU
		{B4E665E5-6CAF-4414-A6E2-8DE1C3BCF203}.Debug|x86.ActiveCfg = Debug|Any CPU
		{B4E665E5-6CAF-4414-A6E2-8DE1C3BCF203}.Release|Any CPU.ActiveCfg = Release|Any CPU
		{B4E665E5-6CAF-4414-A6E2-8DE1C3BCF203}.Release|Any CPU.Build.0 = Release|Any CPU
		{B4E665E5-6CAF-4414-A6E2-8DE1C3BCF203}.Release|ARM.ActiveCfg = Release|Any CPU
		{B4E665E5-6CAF-4414-A6E2-8DE1C3BCF203}.Release|Mixed Platforms.ActiveCfg = Release|Any CPU
		{B4E665E5-6CAF-4414-A6E2-8DE1C3BCF203}.Release|Mixed Platforms.Build.0 = Release|Any CPU
		{B4E665E5-6CAF-4414-A6E2-8DE1C3BCF203}.Release|x64.ActiveCfg = Release|Any CPU
		{B4E665E5-6CAF-4414-A6E2-8DE1C3BCF203}.Release|x86.ActiveCfg = Release|Any CPU
		{57655198-7A38-48A6-BF95-BE57B2C3D32D}.Debug|Any CPU.ActiveCfg = Debug|Any CPU
		{57655198-7A38-48A6-BF95-BE57B2C3D32D}.Debug|Any CPU.Build.0 = Debug|Any CPU
		{57655198-7A38-48A6-BF95-BE57B2C3D32D}.Debug|ARM.ActiveCfg = Debug|Any CPU
		{57655198-7A38-48A6-BF95-BE57B2C3D32D}.Debug|Mixed Platforms.ActiveCfg = Debug|Any CPU
		{57655198-7A38-48A6-BF95-BE57B2C3D32D}.Debug|Mixed Platforms.Build.0 = Debug|Any CPU
		{57655198-7A38-48A6-BF95-BE57B2C3D32D}.Debug|x64.ActiveCfg = Debug|Any CPU
		{57655198-7A38-48A6-BF95-BE57B2C3D32D}.Debug|x86.ActiveCfg = Debug|Any CPU
		{57655198-7A38-48A6-BF95-BE57B2C3D32D}.Release|Any CPU.ActiveCfg = Release|Any CPU
		{57655198-7A38-48A6-BF95-BE57B2C3D32D}.Release|Any CPU.Build.0 = Release|Any CPU
		{57655198-7A38-48A6-BF95-BE57B2C3D32D}.Release|ARM.ActiveCfg = Release|Any CPU
		{57655198-7A38-48A6-BF95-BE57B2C3D32D}.Release|Mixed Platforms.ActiveCfg = Release|Any CPU
		{57655198-7A38-48A6-BF95-BE57B2C3D32D}.Release|Mixed Platforms.Build.0 = Release|Any CPU
		{57655198-7A38-48A6-BF95-BE57B2C3D32D}.Release|x64.ActiveCfg = Release|Any CPU
		{57655198-7A38-48A6-BF95-BE57B2C3D32D}.Release|x86.ActiveCfg = Release|Any CPU
		{9F13D088-7B83-4922-97DD-18C4CBBDDEAE}.Debug|Any CPU.ActiveCfg = Debug|Any CPU
		{9F13D088-7B83-4922-97DD-18C4CBBDDEAE}.Debug|Any CPU.Build.0 = Debug|Any CPU
		{9F13D088-7B83-4922-97DD-18C4CBBDDEAE}.Debug|ARM.ActiveCfg = Debug|ARM
		{9F13D088-7B83-4922-97DD-18C4CBBDDEAE}.Debug|ARM.Build.0 = Debug|ARM
		{9F13D088-7B83-4922-97DD-18C4CBBDDEAE}.Debug|ARM.ActiveCfg = Debug|Any CPU
		{9F13D088-7B83-4922-97DD-18C4CBBDDEAE}.Debug|Mixed Platforms.ActiveCfg = Debug|Any CPU
		{9F13D088-7B83-4922-97DD-18C4CBBDDEAE}.Debug|Mixed Platforms.Build.0 = Debug|Any CPU
		{9F13D088-7B83-4922-97DD-18C4CBBDDEAE}.Debug|x64.ActiveCfg = Debug|Any CPU
		{9F13D088-7B83-4922-97DD-18C4CBBDDEAE}.Debug|x86.ActiveCfg = Debug|Any CPU
		{9F13D088-7B83-4922-97DD-18C4CBBDDEAE}.Release|Any CPU.ActiveCfg = Release|Any CPU
		{9F13D088-7B83-4922-97DD-18C4CBBDDEAE}.Release|Any CPU.Build.0 = Release|Any CPU
		{9F13D088-7B83-4922-97DD-18C4CBBDDEAE}.Release|ARM.ActiveCfg = Release|Any CPU
		{9F13D088-7B83-4922-97DD-18C4CBBDDEAE}.Release|Mixed Platforms.ActiveCfg = Release|Any CPU
		{9F13D088-7B83-4922-97DD-18C4CBBDDEAE}.Release|Mixed Platforms.Build.0 = Release|Any CPU
		{9F13D088-7B83-4922-97DD-18C4CBBDDEAE}.Release|x64.ActiveCfg = Release|Any CPU
		{9F13D088-7B83-4922-97DD-18C4CBBDDEAE}.Release|x86.ActiveCfg = Release|Any CPU
		{3CC2AFD6-D25F-4C8E-BD4B-31486F368365}.Debug|Any CPU.ActiveCfg = Debug|Any CPU
		{3CC2AFD6-D25F-4C8E-BD4B-31486F368365}.Debug|Any CPU.Build.0 = Debug|Any CPU
		{3CC2AFD6-D25F-4C8E-BD4B-31486F368365}.Debug|ARM.ActiveCfg = Debug|Any CPU
		{3CC2AFD6-D25F-4C8E-BD4B-31486F368365}.Debug|Mixed Platforms.ActiveCfg = Debug|Any CPU
		{3CC2AFD6-D25F-4C8E-BD4B-31486F368365}.Debug|Mixed Platforms.Build.0 = Debug|Any CPU
		{3CC2AFD6-D25F-4C8E-BD4B-31486F368365}.Debug|x64.ActiveCfg = Debug|Any CPU
		{3CC2AFD6-D25F-4C8E-BD4B-31486F368365}.Debug|x86.ActiveCfg = Debug|Any CPU
		{3CC2AFD6-D25F-4C8E-BD4B-31486F368365}.Release|Any CPU.ActiveCfg = Release|Any CPU
		{3CC2AFD6-D25F-4C8E-BD4B-31486F368365}.Release|Any CPU.Build.0 = Release|Any CPU
		{3CC2AFD6-D25F-4C8E-BD4B-31486F368365}.Release|ARM.ActiveCfg = Release|Any CPU
		{3CC2AFD6-D25F-4C8E-BD4B-31486F368365}.Release|Mixed Platforms.ActiveCfg = Release|Any CPU
		{3CC2AFD6-D25F-4C8E-BD4B-31486F368365}.Release|Mixed Platforms.Build.0 = Release|Any CPU
		{3CC2AFD6-D25F-4C8E-BD4B-31486F368365}.Release|x64.ActiveCfg = Release|Any CPU
		{3CC2AFD6-D25F-4C8E-BD4B-31486F368365}.Release|x86.ActiveCfg = Release|Any CPU
		{EB73ADDD-2FE9-44C0-A1AB-20709B979B64}.Debug|Any CPU.ActiveCfg = Debug|Any CPU
		{EB73ADDD-2FE9-44C0-A1AB-20709B979B64}.Debug|Any CPU.Build.0 = Debug|Any CPU
		{EB73ADDD-2FE9-44C0-A1AB-20709B979B64}.Debug|ARM.ActiveCfg = Debug|Any CPU
		{EB73ADDD-2FE9-44C0-A1AB-20709B979B64}.Debug|Mixed Platforms.ActiveCfg = Debug|Any CPU
		{EB73ADDD-2FE9-44C0-A1AB-20709B979B64}.Debug|Mixed Platforms.Build.0 = Debug|Any CPU
		{EB73ADDD-2FE9-44C0-A1AB-20709B979B64}.Debug|x64.ActiveCfg = Debug|Any CPU
		{EB73ADDD-2FE9-44C0-A1AB-20709B979B64}.Debug|x86.ActiveCfg = Debug|Any CPU
		{EB73ADDD-2FE9-44C0-A1AB-20709B979B64}.Release|Any CPU.ActiveCfg = Release|Any CPU
		{EB73ADDD-2FE9-44C0-A1AB-20709B979B64}.Release|Any CPU.Build.0 = Release|Any CPU
		{EB73ADDD-2FE9-44C0-A1AB-20709B979B64}.Release|ARM.ActiveCfg = Release|Any CPU
		{EB73ADDD-2FE9-44C0-A1AB-20709B979B64}.Release|Mixed Platforms.ActiveCfg = Release|Any CPU
		{EB73ADDD-2FE9-44C0-A1AB-20709B979B64}.Release|Mixed Platforms.Build.0 = Release|Any CPU
		{EB73ADDD-2FE9-44C0-A1AB-20709B979B64}.Release|x64.ActiveCfg = Release|Any CPU
		{EB73ADDD-2FE9-44C0-A1AB-20709B979B64}.Release|x86.ActiveCfg = Release|Any CPU
		{1F6FD150-FEA6-4428-8521-781B8A0B31E8}.Debug|Any CPU.ActiveCfg = Debug|Any CPU
		{1F6FD150-FEA6-4428-8521-781B8A0B31E8}.Debug|Any CPU.Build.0 = Debug|Any CPU
		{1F6FD150-FEA6-4428-8521-781B8A0B31E8}.Debug|ARM.ActiveCfg = Debug|Any CPU
		{1F6FD150-FEA6-4428-8521-781B8A0B31E8}.Debug|Mixed Platforms.ActiveCfg = Debug|Any CPU
		{1F6FD150-FEA6-4428-8521-781B8A0B31E8}.Debug|Mixed Platforms.Build.0 = Debug|Any CPU
		{1F6FD150-FEA6-4428-8521-781B8A0B31E8}.Debug|x64.ActiveCfg = Debug|Any CPU
		{1F6FD150-FEA6-4428-8521-781B8A0B31E8}.Debug|x86.ActiveCfg = Debug|Any CPU
		{1F6FD150-FEA6-4428-8521-781B8A0B31E8}.Release|Any CPU.ActiveCfg = Release|Any CPU
		{1F6FD150-FEA6-4428-8521-781B8A0B31E8}.Release|Any CPU.Build.0 = Release|Any CPU
		{1F6FD150-FEA6-4428-8521-781B8A0B31E8}.Release|ARM.ActiveCfg = Release|Any CPU
		{1F6FD150-FEA6-4428-8521-781B8A0B31E8}.Release|Mixed Platforms.ActiveCfg = Release|Any CPU
		{1F6FD150-FEA6-4428-8521-781B8A0B31E8}.Release|Mixed Platforms.Build.0 = Release|Any CPU
		{1F6FD150-FEA6-4428-8521-781B8A0B31E8}.Release|x64.ActiveCfg = Release|Any CPU
		{1F6FD150-FEA6-4428-8521-781B8A0B31E8}.Release|x86.ActiveCfg = Release|Any CPU
		{1FE2625D-844E-4224-B6BC-4E9246AF9C62}.Debug|Any CPU.ActiveCfg = Debug|Any CPU
		{1FE2625D-844E-4224-B6BC-4E9246AF9C62}.Debug|Any CPU.Build.0 = Debug|Any CPU
		{1FE2625D-844E-4224-B6BC-4E9246AF9C62}.Debug|ARM.ActiveCfg = Debug|Any CPU
		{1FE2625D-844E-4224-B6BC-4E9246AF9C62}.Debug|Mixed Platforms.ActiveCfg = Debug|Any CPU
		{1FE2625D-844E-4224-B6BC-4E9246AF9C62}.Debug|Mixed Platforms.Build.0 = Debug|Any CPU
		{1FE2625D-844E-4224-B6BC-4E9246AF9C62}.Debug|x64.ActiveCfg = Debug|Any CPU
		{1FE2625D-844E-4224-B6BC-4E9246AF9C62}.Debug|x86.ActiveCfg = Debug|Any CPU
		{1FE2625D-844E-4224-B6BC-4E9246AF9C62}.Release|Any CPU.ActiveCfg = Release|Any CPU
		{1FE2625D-844E-4224-B6BC-4E9246AF9C62}.Release|Any CPU.Build.0 = Release|Any CPU
		{1FE2625D-844E-4224-B6BC-4E9246AF9C62}.Release|ARM.ActiveCfg = Release|Any CPU
		{1FE2625D-844E-4224-B6BC-4E9246AF9C62}.Release|Mixed Platforms.ActiveCfg = Release|Any CPU
		{1FE2625D-844E-4224-B6BC-4E9246AF9C62}.Release|Mixed Platforms.Build.0 = Release|Any CPU
		{1FE2625D-844E-4224-B6BC-4E9246AF9C62}.Release|x64.ActiveCfg = Release|Any CPU
		{1FE2625D-844E-4224-B6BC-4E9246AF9C62}.Release|x86.ActiveCfg = Release|Any CPU
		{AC4FCB4C-2A32-4E23-A5AB-7A4268016CBF}.Debug|Any CPU.ActiveCfg = Debug|Any CPU
		{AC4FCB4C-2A32-4E23-A5AB-7A4268016CBF}.Debug|Any CPU.Build.0 = Debug|Any CPU
		{AC4FCB4C-2A32-4E23-A5AB-7A4268016CBF}.Debug|ARM.ActiveCfg = Debug|ARM
		{AC4FCB4C-2A32-4E23-A5AB-7A4268016CBF}.Debug|ARM.Build.0 = Debug|ARM
		{AC4FCB4C-2A32-4E23-A5AB-7A4268016CBF}.Debug|Mixed Platforms.ActiveCfg = Debug|Any CPU
		{AC4FCB4C-2A32-4E23-A5AB-7A4268016CBF}.Debug|Mixed Platforms.Build.0 = Debug|Any CPU
		{AC4FCB4C-2A32-4E23-A5AB-7A4268016CBF}.Debug|x64.ActiveCfg = Debug|Any CPU
		{AC4FCB4C-2A32-4E23-A5AB-7A4268016CBF}.Debug|x86.ActiveCfg = Debug|x86
		{AC4FCB4C-2A32-4E23-A5AB-7A4268016CBF}.Debug|x86.Build.0 = Debug|x86
		{AC4FCB4C-2A32-4E23-A5AB-7A4268016CBF}.Release|Any CPU.ActiveCfg = Release|Any CPU
		{AC4FCB4C-2A32-4E23-A5AB-7A4268016CBF}.Release|Any CPU.Build.0 = Release|Any CPU
		{AC4FCB4C-2A32-4E23-A5AB-7A4268016CBF}.Release|ARM.ActiveCfg = Release|ARM
		{AC4FCB4C-2A32-4E23-A5AB-7A4268016CBF}.Release|ARM.Build.0 = Release|ARM
		{AC4FCB4C-2A32-4E23-A5AB-7A4268016CBF}.Release|Mixed Platforms.ActiveCfg = Release|x86
		{AC4FCB4C-2A32-4E23-A5AB-7A4268016CBF}.Release|Mixed Platforms.Build.0 = Release|x86
		{AC4FCB4C-2A32-4E23-A5AB-7A4268016CBF}.Release|x64.ActiveCfg = Release|Any CPU
		{AC4FCB4C-2A32-4E23-A5AB-7A4268016CBF}.Release|x86.ActiveCfg = Release|Any CPU
		{AC4FCB4C-2A32-4E23-A5AB-7A4268016CBF}.Release|x86.Build.0 = Release|Any CPU
		{74CCFBB6-7A56-461F-8DB6-93594BB4112E}.Debug|Any CPU.ActiveCfg = Debug|Any CPU
		{74CCFBB6-7A56-461F-8DB6-93594BB4112E}.Debug|Any CPU.Build.0 = Debug|Any CPU
		{74CCFBB6-7A56-461F-8DB6-93594BB4112E}.Debug|ARM.ActiveCfg = Debug|Any CPU
		{74CCFBB6-7A56-461F-8DB6-93594BB4112E}.Debug|Mixed Platforms.ActiveCfg = Debug|Any CPU
		{74CCFBB6-7A56-461F-8DB6-93594BB4112E}.Debug|Mixed Platforms.Build.0 = Debug|Any CPU
		{74CCFBB6-7A56-461F-8DB6-93594BB4112E}.Debug|x64.ActiveCfg = Debug|Any CPU
		{74CCFBB6-7A56-461F-8DB6-93594BB4112E}.Debug|x86.ActiveCfg = Debug|Any CPU
		{74CCFBB6-7A56-461F-8DB6-93594BB4112E}.Release|Any CPU.ActiveCfg = Release|Any CPU
		{74CCFBB6-7A56-461F-8DB6-93594BB4112E}.Release|Any CPU.Build.0 = Release|Any CPU
		{74CCFBB6-7A56-461F-8DB6-93594BB4112E}.Release|ARM.ActiveCfg = Release|Any CPU
		{74CCFBB6-7A56-461F-8DB6-93594BB4112E}.Release|Mixed Platforms.ActiveCfg = Release|Any CPU
		{74CCFBB6-7A56-461F-8DB6-93594BB4112E}.Release|Mixed Platforms.Build.0 = Release|Any CPU
		{74CCFBB6-7A56-461F-8DB6-93594BB4112E}.Release|x64.ActiveCfg = Release|Any CPU
		{74CCFBB6-7A56-461F-8DB6-93594BB4112E}.Release|x86.ActiveCfg = Release|Any CPU
		{47D34AB1-5188-4D8C-B24F-3151C67CC8CC}.Debug|Any CPU.ActiveCfg = Debug|Any CPU
		{47D34AB1-5188-4D8C-B24F-3151C67CC8CC}.Debug|Any CPU.Build.0 = Debug|Any CPU
		{47D34AB1-5188-4D8C-B24F-3151C67CC8CC}.Debug|ARM.ActiveCfg = Debug|Any CPU
		{47D34AB1-5188-4D8C-B24F-3151C67CC8CC}.Debug|Mixed Platforms.ActiveCfg = Debug|Any CPU
		{47D34AB1-5188-4D8C-B24F-3151C67CC8CC}.Debug|Mixed Platforms.Build.0 = Debug|Any CPU
		{47D34AB1-5188-4D8C-B24F-3151C67CC8CC}.Debug|x64.ActiveCfg = Debug|Any CPU
		{47D34AB1-5188-4D8C-B24F-3151C67CC8CC}.Debug|x86.ActiveCfg = Debug|Any CPU
		{47D34AB1-5188-4D8C-B24F-3151C67CC8CC}.Release|Any CPU.ActiveCfg = Release|Any CPU
		{47D34AB1-5188-4D8C-B24F-3151C67CC8CC}.Release|Any CPU.Build.0 = Release|Any CPU
		{47D34AB1-5188-4D8C-B24F-3151C67CC8CC}.Release|ARM.ActiveCfg = Release|Any CPU
		{47D34AB1-5188-4D8C-B24F-3151C67CC8CC}.Release|Mixed Platforms.ActiveCfg = Release|Any CPU
		{47D34AB1-5188-4D8C-B24F-3151C67CC8CC}.Release|Mixed Platforms.Build.0 = Release|Any CPU
		{47D34AB1-5188-4D8C-B24F-3151C67CC8CC}.Release|x64.ActiveCfg = Release|Any CPU
		{47D34AB1-5188-4D8C-B24F-3151C67CC8CC}.Release|x86.ActiveCfg = Release|Any CPU
		{241C47DF-CA8E-4296-AA03-2C48BB646ABD}.Debug|Any CPU.ActiveCfg = Debug|Any CPU
		{241C47DF-CA8E-4296-AA03-2C48BB646ABD}.Debug|Any CPU.Build.0 = Debug|Any CPU
		{241C47DF-CA8E-4296-AA03-2C48BB646ABD}.Debug|ARM.ActiveCfg = Debug|Any CPU
		{241C47DF-CA8E-4296-AA03-2C48BB646ABD}.Debug|Mixed Platforms.ActiveCfg = Debug|Any CPU
		{241C47DF-CA8E-4296-AA03-2C48BB646ABD}.Debug|Mixed Platforms.Build.0 = Debug|Any CPU
		{241C47DF-CA8E-4296-AA03-2C48BB646ABD}.Debug|x64.ActiveCfg = Debug|Any CPU
		{241C47DF-CA8E-4296-AA03-2C48BB646ABD}.Debug|x86.ActiveCfg = Debug|Any CPU
		{241C47DF-CA8E-4296-AA03-2C48BB646ABD}.Release|Any CPU.ActiveCfg = Release|Any CPU
		{241C47DF-CA8E-4296-AA03-2C48BB646ABD}.Release|Any CPU.Build.0 = Release|Any CPU
		{241C47DF-CA8E-4296-AA03-2C48BB646ABD}.Release|ARM.ActiveCfg = Release|Any CPU
		{241C47DF-CA8E-4296-AA03-2C48BB646ABD}.Release|Mixed Platforms.ActiveCfg = Release|Any CPU
		{241C47DF-CA8E-4296-AA03-2C48BB646ABD}.Release|Mixed Platforms.Build.0 = Release|Any CPU
		{241C47DF-CA8E-4296-AA03-2C48BB646ABD}.Release|x64.ActiveCfg = Release|Any CPU
		{241C47DF-CA8E-4296-AA03-2C48BB646ABD}.Release|x86.ActiveCfg = Release|Any CPU
		{241C47DF-CA8E-4296-AA03-2C48BB646ABD}.Release|x86.Build.0 = Release|Any CPU
		{1FE2625D-844E-4224-B6BC-4E9246AF9C62}.Debug|Any CPU.ActiveCfg = Debug|Any CPU
		{1FE2625D-844E-4224-B6BC-4E9246AF9C62}.Debug|Any CPU.Build.0 = Debug|Any CPU
		{1FE2625D-844E-4224-B6BC-4E9246AF9C62}.Debug|ARM.ActiveCfg = Debug|Any CPU
		{1FE2625D-844E-4224-B6BC-4E9246AF9C62}.Debug|Mixed Platforms.ActiveCfg = Debug|Any CPU
		{1FE2625D-844E-4224-B6BC-4E9246AF9C62}.Debug|Mixed Platforms.Build.0 = Debug|Any CPU
		{1FE2625D-844E-4224-B6BC-4E9246AF9C62}.Debug|x64.ActiveCfg = Debug|Any CPU
		{1FE2625D-844E-4224-B6BC-4E9246AF9C62}.Debug|x86.ActiveCfg = Debug|Any CPU
		{1FE2625D-844E-4224-B6BC-4E9246AF9C62}.Release|Any CPU.ActiveCfg = Release|Any CPU
		{1FE2625D-844E-4224-B6BC-4E9246AF9C62}.Release|Any CPU.Build.0 = Release|Any CPU
		{1FE2625D-844E-4224-B6BC-4E9246AF9C62}.Release|ARM.ActiveCfg = Release|Any CPU
		{1FE2625D-844E-4224-B6BC-4E9246AF9C62}.Release|Mixed Platforms.ActiveCfg = Release|Any CPU
		{1FE2625D-844E-4224-B6BC-4E9246AF9C62}.Release|Mixed Platforms.Build.0 = Release|Any CPU
		{1FE2625D-844E-4224-B6BC-4E9246AF9C62}.Release|x64.ActiveCfg = Release|Any CPU
		{1FE2625D-844E-4224-B6BC-4E9246AF9C62}.Release|x86.ActiveCfg = Release|Any CPU
	EndGlobalSection
	GlobalSection(SolutionProperties) = preSolution
		HideSolutionNode = FALSE
	EndGlobalSection
	GlobalSection(NestedProjects) = preSolution
		{0306DEFB-B42E-48C4-8D03-2AC9E860ADC1} = {9E586C5C-5E77-4D58-8222-3E94C60E4756}
		{9F13D088-7B83-4922-97DD-18C4CBBDDEAE} = {D3FCAC54-DE89-4D3D-AAFD-68A378A7A9F1}
		{3CC2AFD6-D25F-4C8E-BD4B-31486F368365} = {D3FCAC54-DE89-4D3D-AAFD-68A378A7A9F1}
		{47D34AB1-5188-4D8C-B24F-3151C67CC8CC} = {D3FCAC54-DE89-4D3D-AAFD-68A378A7A9F1}
		{241C47DF-CA8E-4296-AA03-2C48BB646ABD} = {9E059863-7633-4919-B6A7-627D80186383}
		{1FE2625D-844E-4224-B6BC-4E9246AF9C62} = {403A7511-EACE-4DEA-9CE9-61592FB87C7B}
	EndGlobalSection
EndGlobal
