
Microsoft Visual Studio Solution File, Format Version 12.00
# Visual Studio 2013
VisualStudioVersion = 12.0.21005.1
MinimumVisualStudioVersion = 10.0.40219.1
Project("{FAE04EC0-301F-11D3-BF4B-00C04F79EFBC}") = "Akavache.Tests", "Akavache.Tests\Akavache.Tests.csproj", "{0306DEFB-B42E-48C4-8D03-2AC9E860ADC1}"
EndProject
Project("{2150E333-8FDC-42A3-9474-1A3956D46DE8}") = ".nuget", ".nuget", "{4EB33A26-0A24-4AF4-98E3-44C3E427BF9B}"
	ProjectSection(SolutionItems) = preProject
		.nuget\NuGet.exe = .nuget\NuGet.exe
		.nuget\NuGet.targets = .nuget\NuGet.targets
	EndProjectSection
EndProject
Project("{FAE04EC0-301F-11D3-BF4B-00C04F79EFBC}") = "Akavache_WP8", "Akavache\Akavache_WP8.csproj", "{A54279A3-3457-41DB-9166-67E05FD0E0B1}"
EndProject
Project("{FAE04EC0-301F-11D3-BF4B-00C04F79EFBC}") = "Akavache_Net45", "Akavache\Akavache_Net45.csproj", "{B4E665E5-6CAF-4414-A6E2-8DE1C3BCF203}"
EndProject
Project("{FAE04EC0-301F-11D3-BF4B-00C04F79EFBC}") = "Akavache_WinRT", "Akavache\Akavache_WinRT.csproj", "{57655198-7A38-48A6-BF95-BE57B2C3D32D}"
EndProject
Project("{FAE04EC0-301F-11D3-BF4B-00C04F79EFBC}") = "Akavache.Sqlite3_WinRT", "Akavache.Sqlite3\Akavache.Sqlite3_WinRT.csproj", "{241C47DF-CA8E-4296-AA03-2C48BB646ABD}"
EndProject
Project("{FAE04EC0-301F-11D3-BF4B-00C04F79EFBC}") = "Akavache.Sqlite3_Net45", "Akavache.Sqlite3\Akavache.Sqlite3_Net45.csproj", "{D2EDD1DF-2F59-4D3C-9983-F5F66ADDFC2B}"
EndProject
Project("{FAE04EC0-301F-11D3-BF4B-00C04F79EFBC}") = "Akavache_WinRT.Tests", "Akavache_WinRT.Tests\Akavache_WinRT.Tests.csproj", "{3BDD1389-6F9C-417B-B561-3DBD9B74E57E}"
EndProject
Project("{FAE04EC0-301F-11D3-BF4B-00C04F79EFBC}") = "Akavache.Mobile_WP8", "Akavache.Mobile\Akavache.Mobile_WP8.csproj", "{9F13D088-7B83-4922-97DD-18C4CBBDDEAE}"
EndProject
Project("{FAE04EC0-301F-11D3-BF4B-00C04F79EFBC}") = "Akavache.Mobile_WinRT", "Akavache.Mobile\Akavache.Mobile_WinRT.csproj", "{47D34AB1-5188-4D8C-B24F-3151C67CC8CC}"
EndProject
Project("{2150E333-8FDC-42A3-9474-1A3956D46DE8}") = "Mobile", "Mobile", "{D3FCAC54-DE89-4D3D-AAFD-68A378A7A9F1}"
EndProject
Project("{2150E333-8FDC-42A3-9474-1A3956D46DE8}") = "SQLite", "SQLite", "{9E059863-7633-4919-B6A7-627D80186383}"
EndProject
Project("{2150E333-8FDC-42A3-9474-1A3956D46DE8}") = "Tests", "Tests", "{9E586C5C-5E77-4D58-8222-3E94C60E4756}"
EndProject
Project("{FAE04EC0-301F-11D3-BF4B-00C04F79EFBC}") = "Akavache_Portable", "Akavache\Akavache_Portable.csproj", "{EB73ADDD-2FE9-44C0-A1AB-20709B979B64}"
EndProject
Global
	GlobalSection(SolutionConfigurationPlatforms) = preSolution
		Debug|Any CPU = Debug|Any CPU
		Release|Any CPU = Release|Any CPU
	EndGlobalSection
	GlobalSection(ProjectConfigurationPlatforms) = postSolution
		{0306DEFB-B42E-48C4-8D03-2AC9E860ADC1}.Debug|Any CPU.ActiveCfg = Debug|Any CPU
		{0306DEFB-B42E-48C4-8D03-2AC9E860ADC1}.Debug|Any CPU.Build.0 = Debug|Any CPU
		{0306DEFB-B42E-48C4-8D03-2AC9E860ADC1}.Release|Any CPU.ActiveCfg = Release|Any CPU
		{0306DEFB-B42E-48C4-8D03-2AC9E860ADC1}.Release|Any CPU.Build.0 = Release|Any CPU
		{A54279A3-3457-41DB-9166-67E05FD0E0B1}.Debug|Any CPU.ActiveCfg = Debug|Any CPU
		{A54279A3-3457-41DB-9166-67E05FD0E0B1}.Debug|Any CPU.Build.0 = Debug|Any CPU
		{A54279A3-3457-41DB-9166-67E05FD0E0B1}.Release|Any CPU.ActiveCfg = Release|Any CPU
		{A54279A3-3457-41DB-9166-67E05FD0E0B1}.Release|Any CPU.Build.0 = Release|Any CPU
		{B4E665E5-6CAF-4414-A6E2-8DE1C3BCF203}.Debug|Any CPU.ActiveCfg = Debug|Any CPU
		{B4E665E5-6CAF-4414-A6E2-8DE1C3BCF203}.Debug|Any CPU.Build.0 = Debug|Any CPU
		{B4E665E5-6CAF-4414-A6E2-8DE1C3BCF203}.Release|Any CPU.ActiveCfg = Release|Any CPU
		{B4E665E5-6CAF-4414-A6E2-8DE1C3BCF203}.Release|Any CPU.Build.0 = Release|Any CPU
		{57655198-7A38-48A6-BF95-BE57B2C3D32D}.Debug|Any CPU.ActiveCfg = Debug|Any CPU
		{57655198-7A38-48A6-BF95-BE57B2C3D32D}.Debug|Any CPU.Build.0 = Debug|Any CPU
		{57655198-7A38-48A6-BF95-BE57B2C3D32D}.Release|Any CPU.ActiveCfg = Release|Any CPU
		{57655198-7A38-48A6-BF95-BE57B2C3D32D}.Release|Any CPU.Build.0 = Release|Any CPU
		{241C47DF-CA8E-4296-AA03-2C48BB646ABD}.Debug|Any CPU.ActiveCfg = Debug|Any CPU
		{241C47DF-CA8E-4296-AA03-2C48BB646ABD}.Debug|Any CPU.Build.0 = Debug|Any CPU
		{241C47DF-CA8E-4296-AA03-2C48BB646ABD}.Release|Any CPU.ActiveCfg = Release|Any CPU
		{241C47DF-CA8E-4296-AA03-2C48BB646ABD}.Release|Any CPU.Build.0 = Release|Any CPU
		{D2EDD1DF-2F59-4D3C-9983-F5F66ADDFC2B}.Debug|Any CPU.ActiveCfg = Debug|Any CPU
		{D2EDD1DF-2F59-4D3C-9983-F5F66ADDFC2B}.Debug|Any CPU.Build.0 = Debug|Any CPU
		{D2EDD1DF-2F59-4D3C-9983-F5F66ADDFC2B}.Release|Any CPU.ActiveCfg = Release|Any CPU
		{D2EDD1DF-2F59-4D3C-9983-F5F66ADDFC2B}.Release|Any CPU.Build.0 = Release|Any CPU
		{3BDD1389-6F9C-417B-B561-3DBD9B74E57E}.Debug|Any CPU.ActiveCfg = Debug|Any CPU
		{3BDD1389-6F9C-417B-B561-3DBD9B74E57E}.Debug|Any CPU.Build.0 = Debug|Any CPU
		{3BDD1389-6F9C-417B-B561-3DBD9B74E57E}.Debug|Any CPU.Deploy.0 = Debug|Any CPU
		{3BDD1389-6F9C-417B-B561-3DBD9B74E57E}.Release|Any CPU.ActiveCfg = Release|Any CPU
		{3BDD1389-6F9C-417B-B561-3DBD9B74E57E}.Release|Any CPU.Build.0 = Release|Any CPU
		{3BDD1389-6F9C-417B-B561-3DBD9B74E57E}.Release|Any CPU.Deploy.0 = Release|Any CPU
		{9F13D088-7B83-4922-97DD-18C4CBBDDEAE}.Debug|Any CPU.ActiveCfg = Debug|Any CPU
		{9F13D088-7B83-4922-97DD-18C4CBBDDEAE}.Debug|Any CPU.Build.0 = Debug|Any CPU
		{9F13D088-7B83-4922-97DD-18C4CBBDDEAE}.Release|Any CPU.ActiveCfg = Release|Any CPU
		{9F13D088-7B83-4922-97DD-18C4CBBDDEAE}.Release|Any CPU.Build.0 = Release|Any CPU
		{47D34AB1-5188-4D8C-B24F-3151C67CC8CC}.Debug|Any CPU.ActiveCfg = Debug|Any CPU
		{47D34AB1-5188-4D8C-B24F-3151C67CC8CC}.Debug|Any CPU.Build.0 = Debug|Any CPU
		{47D34AB1-5188-4D8C-B24F-3151C67CC8CC}.Release|Any CPU.ActiveCfg = Release|Any CPU
		{47D34AB1-5188-4D8C-B24F-3151C67CC8CC}.Release|Any CPU.Build.0 = Release|Any CPU
		{EB73ADDD-2FE9-44C0-A1AB-20709B979B64}.Debug|Any CPU.ActiveCfg = Debug|Any CPU
		{EB73ADDD-2FE9-44C0-A1AB-20709B979B64}.Debug|Any CPU.Build.0 = Debug|Any CPU
		{EB73ADDD-2FE9-44C0-A1AB-20709B979B64}.Release|Any CPU.ActiveCfg = Release|Any CPU
		{EB73ADDD-2FE9-44C0-A1AB-20709B979B64}.Release|Any CPU.Build.0 = Release|Any CPU
	EndGlobalSection
	GlobalSection(SolutionProperties) = preSolution
		HideSolutionNode = FALSE
	EndGlobalSection
	GlobalSection(NestedProjects) = preSolution
		{3BDD1389-6F9C-417B-B561-3DBD9B74E57E} = {9E586C5C-5E77-4D58-8222-3E94C60E4756}
		{0306DEFB-B42E-48C4-8D03-2AC9E860ADC1} = {9E586C5C-5E77-4D58-8222-3E94C60E4756}
		{D2EDD1DF-2F59-4D3C-9983-F5F66ADDFC2B} = {9E059863-7633-4919-B6A7-627D80186383}
		{241C47DF-CA8E-4296-AA03-2C48BB646ABD} = {9E059863-7633-4919-B6A7-627D80186383}
		{47D34AB1-5188-4D8C-B24F-3151C67CC8CC} = {D3FCAC54-DE89-4D3D-AAFD-68A378A7A9F1}
		{9F13D088-7B83-4922-97DD-18C4CBBDDEAE} = {D3FCAC54-DE89-4D3D-AAFD-68A378A7A9F1}
	EndGlobalSection
EndGlobal
