
Microsoft Visual Studio Solution File, Format Version 12.00
# Visual Studio 15
VisualStudioVersion = 15.0.27004.2008
MinimumVisualStudioVersion = 10.0.40219.1
Project("{FAE04EC0-301F-11D3-BF4B-00C04F79EFBC}") = "WPF", "WPF\WPF.csproj", "{25722C23-D77E-440D-81E3-1C2810B12E6B}"
EndProject
Project("{FAE04EC0-301F-11D3-BF4B-00C04F79EFBC}") = "NET45", "NET45\NET45.csproj", "{0BD2E92B-3F77-4D52-93DF-42FA87C6BE00}"
EndProject
Project("{9A19103F-16F7-4668-BE54-9A1E7A4F7556}") = "netstandard1.1", "netstandard1.1\netstandard1.1.csproj", "{CBDAD326-F00C-47A5-85FE-4C6414E3C894}"
EndProject
Project("{FAE04EC0-301F-11D3-BF4B-00C04F79EFBC}") = "Android", "Android\Android.csproj", "{B92C0A64-50A8-49F0-AA39-0075CEF16377}"
EndProject
Project("{FAE04EC0-301F-11D3-BF4B-00C04F79EFBC}") = "iOS", "iOS\iOS.csproj", "{67F6E1D8-3D52-4CBB-85D9-1B59E656F208}"
EndProject
Project("{FAE04EC0-301F-11D3-BF4B-00C04F79EFBC}") = "WinForms", "WinForms\WinForms.csproj", "{A88BA338-2B60-4519-87EE-46A982AD338B}"
EndProject
Project("{FAE04EC0-301F-11D3-BF4B-00C04F79EFBC}") = "XamarinFormsApp.Android", "XamarinFormsApp\XamarinFormsApp.Android\XamarinFormsApp.Android.csproj", "{AB420AAE-157A-4351-B5F8-3E033479D506}"
EndProject
Project("{FAE04EC0-301F-11D3-BF4B-00C04F79EFBC}") = "XamarinFormsApp", "XamarinFormsApp\XamarinFormsApp\XamarinFormsApp.csproj", "{51777C35-BFCC-4A9B-B615-3760064805A7}"
EndProject
Project("{9A19103F-16F7-4668-BE54-9A1E7A4F7556}") = "XamarinFormsApp.UWP", "XamarinFormsApp\XamarinFormsApp.UWP\XamarinFormsApp.UWP.csproj", "{57B890E5-E4A7-4111-A3CC-0D7BECC66B6C}"
EndProject
Project("{FAE04EC0-301F-11D3-BF4B-00C04F79EFBC}") = "XamarinFormsApp.iOS", "XamarinFormsApp\XamarinFormsApp.iOS\XamarinFormsApp.iOS.csproj", "{3E951C1C-12D4-409D-8D14-14A88AF532EE}"
EndProject
Project("{FAE04EC0-301F-11D3-BF4B-00C04F79EFBC}") = "UWP", "UWP\UWP.csproj", "{C31C1991-4A42-402A-95FF-6F3A80C5A28C}"
EndProject
Global
	GlobalSection(SolutionConfigurationPlatforms) = preSolution
		Ad-Hoc|Any CPU = Ad-Hoc|Any CPU
		Ad-Hoc|ARM = Ad-Hoc|ARM
		Ad-Hoc|iPhone = Ad-Hoc|iPhone
		Ad-Hoc|iPhoneSimulator = Ad-Hoc|iPhoneSimulator
		Ad-Hoc|x64 = Ad-Hoc|x64
		Ad-Hoc|x86 = Ad-Hoc|x86
		AppStore|Any CPU = AppStore|Any CPU
		AppStore|ARM = AppStore|ARM
		AppStore|iPhone = AppStore|iPhone
		AppStore|iPhoneSimulator = AppStore|iPhoneSimulator
		AppStore|x64 = AppStore|x64
		AppStore|x86 = AppStore|x86
		Debug|Any CPU = Debug|Any CPU
		Debug|ARM = Debug|ARM
		Debug|iPhone = Debug|iPhone
		Debug|iPhoneSimulator = Debug|iPhoneSimulator
		Debug|x64 = Debug|x64
		Debug|x86 = Debug|x86
		Release|Any CPU = Release|Any CPU
		Release|ARM = Release|ARM
		Release|iPhone = Release|iPhone
		Release|iPhoneSimulator = Release|iPhoneSimulator
		Release|x64 = Release|x64
		Release|x86 = Release|x86
	EndGlobalSection
	GlobalSection(ProjectConfigurationPlatforms) = postSolution
		{25722C23-D77E-440D-81E3-1C2810B12E6B}.Ad-Hoc|Any CPU.ActiveCfg = Release|Any CPU
		{25722C23-D77E-440D-81E3-1C2810B12E6B}.Ad-Hoc|Any CPU.Build.0 = Release|Any CPU
		{25722C23-D77E-440D-81E3-1C2810B12E6B}.Ad-Hoc|ARM.ActiveCfg = Release|Any CPU
		{25722C23-D77E-440D-81E3-1C2810B12E6B}.Ad-Hoc|ARM.Build.0 = Release|Any CPU
		{25722C23-D77E-440D-81E3-1C2810B12E6B}.Ad-Hoc|iPhone.ActiveCfg = Release|Any CPU
		{25722C23-D77E-440D-81E3-1C2810B12E6B}.Ad-Hoc|iPhone.Build.0 = Release|Any CPU
		{25722C23-D77E-440D-81E3-1C2810B12E6B}.Ad-Hoc|iPhoneSimulator.ActiveCfg = Release|Any CPU
		{25722C23-D77E-440D-81E3-1C2810B12E6B}.Ad-Hoc|iPhoneSimulator.Build.0 = Release|Any CPU
		{25722C23-D77E-440D-81E3-1C2810B12E6B}.Ad-Hoc|x64.ActiveCfg = Release|Any CPU
		{25722C23-D77E-440D-81E3-1C2810B12E6B}.Ad-Hoc|x64.Build.0 = Release|Any CPU
		{25722C23-D77E-440D-81E3-1C2810B12E6B}.Ad-Hoc|x86.ActiveCfg = Release|Any CPU
		{25722C23-D77E-440D-81E3-1C2810B12E6B}.Ad-Hoc|x86.Build.0 = Release|Any CPU
		{25722C23-D77E-440D-81E3-1C2810B12E6B}.AppStore|Any CPU.ActiveCfg = Release|Any CPU
		{25722C23-D77E-440D-81E3-1C2810B12E6B}.AppStore|Any CPU.Build.0 = Release|Any CPU
		{25722C23-D77E-440D-81E3-1C2810B12E6B}.AppStore|ARM.ActiveCfg = Release|Any CPU
		{25722C23-D77E-440D-81E3-1C2810B12E6B}.AppStore|ARM.Build.0 = Release|Any CPU
		{25722C23-D77E-440D-81E3-1C2810B12E6B}.AppStore|iPhone.ActiveCfg = Release|Any CPU
		{25722C23-D77E-440D-81E3-1C2810B12E6B}.AppStore|iPhone.Build.0 = Release|Any CPU
		{25722C23-D77E-440D-81E3-1C2810B12E6B}.AppStore|iPhoneSimulator.ActiveCfg = Release|Any CPU
		{25722C23-D77E-440D-81E3-1C2810B12E6B}.AppStore|iPhoneSimulator.Build.0 = Release|Any CPU
		{25722C23-D77E-440D-81E3-1C2810B12E6B}.AppStore|x64.ActiveCfg = Release|Any CPU
		{25722C23-D77E-440D-81E3-1C2810B12E6B}.AppStore|x64.Build.0 = Release|Any CPU
		{25722C23-D77E-440D-81E3-1C2810B12E6B}.AppStore|x86.ActiveCfg = Release|Any CPU
		{25722C23-D77E-440D-81E3-1C2810B12E6B}.AppStore|x86.Build.0 = Release|Any CPU
		{25722C23-D77E-440D-81E3-1C2810B12E6B}.Debug|Any CPU.ActiveCfg = Debug|Any CPU
		{25722C23-D77E-440D-81E3-1C2810B12E6B}.Debug|Any CPU.Build.0 = Debug|Any CPU
		{25722C23-D77E-440D-81E3-1C2810B12E6B}.Debug|ARM.ActiveCfg = Debug|Any CPU
		{25722C23-D77E-440D-81E3-1C2810B12E6B}.Debug|ARM.Build.0 = Debug|Any CPU
		{25722C23-D77E-440D-81E3-1C2810B12E6B}.Debug|iPhone.ActiveCfg = Debug|Any CPU
		{25722C23-D77E-440D-81E3-1C2810B12E6B}.Debug|iPhone.Build.0 = Debug|Any CPU
		{25722C23-D77E-440D-81E3-1C2810B12E6B}.Debug|iPhoneSimulator.ActiveCfg = Debug|Any CPU
		{25722C23-D77E-440D-81E3-1C2810B12E6B}.Debug|iPhoneSimulator.Build.0 = Debug|Any CPU
		{25722C23-D77E-440D-81E3-1C2810B12E6B}.Debug|x64.ActiveCfg = Debug|Any CPU
		{25722C23-D77E-440D-81E3-1C2810B12E6B}.Debug|x64.Build.0 = Debug|Any CPU
		{25722C23-D77E-440D-81E3-1C2810B12E6B}.Debug|x86.ActiveCfg = Debug|Any CPU
		{25722C23-D77E-440D-81E3-1C2810B12E6B}.Debug|x86.Build.0 = Debug|Any CPU
		{25722C23-D77E-440D-81E3-1C2810B12E6B}.Release|Any CPU.ActiveCfg = Release|Any CPU
		{25722C23-D77E-440D-81E3-1C2810B12E6B}.Release|Any CPU.Build.0 = Release|Any CPU
		{25722C23-D77E-440D-81E3-1C2810B12E6B}.Release|ARM.ActiveCfg = Release|Any CPU
		{25722C23-D77E-440D-81E3-1C2810B12E6B}.Release|ARM.Build.0 = Release|Any CPU
		{25722C23-D77E-440D-81E3-1C2810B12E6B}.Release|iPhone.ActiveCfg = Release|Any CPU
		{25722C23-D77E-440D-81E3-1C2810B12E6B}.Release|iPhone.Build.0 = Release|Any CPU
		{25722C23-D77E-440D-81E3-1C2810B12E6B}.Release|iPhoneSimulator.ActiveCfg = Release|Any CPU
		{25722C23-D77E-440D-81E3-1C2810B12E6B}.Release|iPhoneSimulator.Build.0 = Release|Any CPU
		{25722C23-D77E-440D-81E3-1C2810B12E6B}.Release|x64.ActiveCfg = Release|Any CPU
		{25722C23-D77E-440D-81E3-1C2810B12E6B}.Release|x64.Build.0 = Release|Any CPU
		{25722C23-D77E-440D-81E3-1C2810B12E6B}.Release|x86.ActiveCfg = Release|Any CPU
		{25722C23-D77E-440D-81E3-1C2810B12E6B}.Release|x86.Build.0 = Release|Any CPU
		{0BD2E92B-3F77-4D52-93DF-42FA87C6BE00}.Ad-Hoc|Any CPU.ActiveCfg = Release|Any CPU
		{0BD2E92B-3F77-4D52-93DF-42FA87C6BE00}.Ad-Hoc|Any CPU.Build.0 = Release|Any CPU
		{0BD2E92B-3F77-4D52-93DF-42FA87C6BE00}.Ad-Hoc|ARM.ActiveCfg = Release|Any CPU
		{0BD2E92B-3F77-4D52-93DF-42FA87C6BE00}.Ad-Hoc|ARM.Build.0 = Release|Any CPU
		{0BD2E92B-3F77-4D52-93DF-42FA87C6BE00}.Ad-Hoc|iPhone.ActiveCfg = Release|Any CPU
		{0BD2E92B-3F77-4D52-93DF-42FA87C6BE00}.Ad-Hoc|iPhone.Build.0 = Release|Any CPU
		{0BD2E92B-3F77-4D52-93DF-42FA87C6BE00}.Ad-Hoc|iPhoneSimulator.ActiveCfg = Release|Any CPU
		{0BD2E92B-3F77-4D52-93DF-42FA87C6BE00}.Ad-Hoc|iPhoneSimulator.Build.0 = Release|Any CPU
		{0BD2E92B-3F77-4D52-93DF-42FA87C6BE00}.Ad-Hoc|x64.ActiveCfg = Release|Any CPU
		{0BD2E92B-3F77-4D52-93DF-42FA87C6BE00}.Ad-Hoc|x64.Build.0 = Release|Any CPU
		{0BD2E92B-3F77-4D52-93DF-42FA87C6BE00}.Ad-Hoc|x86.ActiveCfg = Release|Any CPU
		{0BD2E92B-3F77-4D52-93DF-42FA87C6BE00}.Ad-Hoc|x86.Build.0 = Release|Any CPU
		{0BD2E92B-3F77-4D52-93DF-42FA87C6BE00}.AppStore|Any CPU.ActiveCfg = Release|Any CPU
		{0BD2E92B-3F77-4D52-93DF-42FA87C6BE00}.AppStore|Any CPU.Build.0 = Release|Any CPU
		{0BD2E92B-3F77-4D52-93DF-42FA87C6BE00}.AppStore|ARM.ActiveCfg = Release|Any CPU
		{0BD2E92B-3F77-4D52-93DF-42FA87C6BE00}.AppStore|ARM.Build.0 = Release|Any CPU
		{0BD2E92B-3F77-4D52-93DF-42FA87C6BE00}.AppStore|iPhone.ActiveCfg = Release|Any CPU
		{0BD2E92B-3F77-4D52-93DF-42FA87C6BE00}.AppStore|iPhone.Build.0 = Release|Any CPU
		{0BD2E92B-3F77-4D52-93DF-42FA87C6BE00}.AppStore|iPhoneSimulator.ActiveCfg = Release|Any CPU
		{0BD2E92B-3F77-4D52-93DF-42FA87C6BE00}.AppStore|iPhoneSimulator.Build.0 = Release|Any CPU
		{0BD2E92B-3F77-4D52-93DF-42FA87C6BE00}.AppStore|x64.ActiveCfg = Release|Any CPU
		{0BD2E92B-3F77-4D52-93DF-42FA87C6BE00}.AppStore|x64.Build.0 = Release|Any CPU
		{0BD2E92B-3F77-4D52-93DF-42FA87C6BE00}.AppStore|x86.ActiveCfg = Release|Any CPU
		{0BD2E92B-3F77-4D52-93DF-42FA87C6BE00}.AppStore|x86.Build.0 = Release|Any CPU
		{0BD2E92B-3F77-4D52-93DF-42FA87C6BE00}.Debug|Any CPU.ActiveCfg = Debug|Any CPU
		{0BD2E92B-3F77-4D52-93DF-42FA87C6BE00}.Debug|Any CPU.Build.0 = Debug|Any CPU
		{0BD2E92B-3F77-4D52-93DF-42FA87C6BE00}.Debug|ARM.ActiveCfg = Debug|Any CPU
		{0BD2E92B-3F77-4D52-93DF-42FA87C6BE00}.Debug|ARM.Build.0 = Debug|Any CPU
		{0BD2E92B-3F77-4D52-93DF-42FA87C6BE00}.Debug|iPhone.ActiveCfg = Debug|Any CPU
		{0BD2E92B-3F77-4D52-93DF-42FA87C6BE00}.Debug|iPhone.Build.0 = Debug|Any CPU
		{0BD2E92B-3F77-4D52-93DF-42FA87C6BE00}.Debug|iPhoneSimulator.ActiveCfg = Debug|Any CPU
		{0BD2E92B-3F77-4D52-93DF-42FA87C6BE00}.Debug|iPhoneSimulator.Build.0 = Debug|Any CPU
		{0BD2E92B-3F77-4D52-93DF-42FA87C6BE00}.Debug|x64.ActiveCfg = Debug|Any CPU
		{0BD2E92B-3F77-4D52-93DF-42FA87C6BE00}.Debug|x64.Build.0 = Debug|Any CPU
		{0BD2E92B-3F77-4D52-93DF-42FA87C6BE00}.Debug|x86.ActiveCfg = Debug|Any CPU
		{0BD2E92B-3F77-4D52-93DF-42FA87C6BE00}.Debug|x86.Build.0 = Debug|Any CPU
		{0BD2E92B-3F77-4D52-93DF-42FA87C6BE00}.Release|Any CPU.ActiveCfg = Release|Any CPU
		{0BD2E92B-3F77-4D52-93DF-42FA87C6BE00}.Release|Any CPU.Build.0 = Release|Any CPU
		{0BD2E92B-3F77-4D52-93DF-42FA87C6BE00}.Release|ARM.ActiveCfg = Release|Any CPU
		{0BD2E92B-3F77-4D52-93DF-42FA87C6BE00}.Release|ARM.Build.0 = Release|Any CPU
		{0BD2E92B-3F77-4D52-93DF-42FA87C6BE00}.Release|iPhone.ActiveCfg = Release|Any CPU
		{0BD2E92B-3F77-4D52-93DF-42FA87C6BE00}.Release|iPhone.Build.0 = Release|Any CPU
		{0BD2E92B-3F77-4D52-93DF-42FA87C6BE00}.Release|iPhoneSimulator.ActiveCfg = Release|Any CPU
		{0BD2E92B-3F77-4D52-93DF-42FA87C6BE00}.Release|iPhoneSimulator.Build.0 = Release|Any CPU
		{0BD2E92B-3F77-4D52-93DF-42FA87C6BE00}.Release|x64.ActiveCfg = Release|Any CPU
		{0BD2E92B-3F77-4D52-93DF-42FA87C6BE00}.Release|x64.Build.0 = Release|Any CPU
		{0BD2E92B-3F77-4D52-93DF-42FA87C6BE00}.Release|x86.ActiveCfg = Release|Any CPU
		{0BD2E92B-3F77-4D52-93DF-42FA87C6BE00}.Release|x86.Build.0 = Release|Any CPU
		{CBDAD326-F00C-47A5-85FE-4C6414E3C894}.Ad-Hoc|Any CPU.ActiveCfg = Debug|Any CPU
		{CBDAD326-F00C-47A5-85FE-4C6414E3C894}.Ad-Hoc|Any CPU.Build.0 = Debug|Any CPU
		{CBDAD326-F00C-47A5-85FE-4C6414E3C894}.Ad-Hoc|ARM.ActiveCfg = Debug|Any CPU
		{CBDAD326-F00C-47A5-85FE-4C6414E3C894}.Ad-Hoc|ARM.Build.0 = Debug|Any CPU
		{CBDAD326-F00C-47A5-85FE-4C6414E3C894}.Ad-Hoc|iPhone.ActiveCfg = Debug|Any CPU
		{CBDAD326-F00C-47A5-85FE-4C6414E3C894}.Ad-Hoc|iPhone.Build.0 = Debug|Any CPU
		{CBDAD326-F00C-47A5-85FE-4C6414E3C894}.Ad-Hoc|iPhoneSimulator.ActiveCfg = Debug|Any CPU
		{CBDAD326-F00C-47A5-85FE-4C6414E3C894}.Ad-Hoc|iPhoneSimulator.Build.0 = Debug|Any CPU
		{CBDAD326-F00C-47A5-85FE-4C6414E3C894}.Ad-Hoc|x64.ActiveCfg = Debug|Any CPU
		{CBDAD326-F00C-47A5-85FE-4C6414E3C894}.Ad-Hoc|x64.Build.0 = Debug|Any CPU
		{CBDAD326-F00C-47A5-85FE-4C6414E3C894}.Ad-Hoc|x86.ActiveCfg = Debug|Any CPU
		{CBDAD326-F00C-47A5-85FE-4C6414E3C894}.Ad-Hoc|x86.Build.0 = Debug|Any CPU
		{CBDAD326-F00C-47A5-85FE-4C6414E3C894}.AppStore|Any CPU.ActiveCfg = Debug|Any CPU
		{CBDAD326-F00C-47A5-85FE-4C6414E3C894}.AppStore|Any CPU.Build.0 = Debug|Any CPU
		{CBDAD326-F00C-47A5-85FE-4C6414E3C894}.AppStore|ARM.ActiveCfg = Debug|Any CPU
		{CBDAD326-F00C-47A5-85FE-4C6414E3C894}.AppStore|ARM.Build.0 = Debug|Any CPU
		{CBDAD326-F00C-47A5-85FE-4C6414E3C894}.AppStore|iPhone.ActiveCfg = Debug|Any CPU
		{CBDAD326-F00C-47A5-85FE-4C6414E3C894}.AppStore|iPhone.Build.0 = Debug|Any CPU
		{CBDAD326-F00C-47A5-85FE-4C6414E3C894}.AppStore|iPhoneSimulator.ActiveCfg = Debug|Any CPU
		{CBDAD326-F00C-47A5-85FE-4C6414E3C894}.AppStore|iPhoneSimulator.Build.0 = Debug|Any CPU
		{CBDAD326-F00C-47A5-85FE-4C6414E3C894}.AppStore|x64.ActiveCfg = Debug|Any CPU
		{CBDAD326-F00C-47A5-85FE-4C6414E3C894}.AppStore|x64.Build.0 = Debug|Any CPU
		{CBDAD326-F00C-47A5-85FE-4C6414E3C894}.AppStore|x86.ActiveCfg = Debug|Any CPU
		{CBDAD326-F00C-47A5-85FE-4C6414E3C894}.AppStore|x86.Build.0 = Debug|Any CPU
		{CBDAD326-F00C-47A5-85FE-4C6414E3C894}.Debug|Any CPU.ActiveCfg = Debug|Any CPU
		{CBDAD326-F00C-47A5-85FE-4C6414E3C894}.Debug|Any CPU.Build.0 = Debug|Any CPU
		{CBDAD326-F00C-47A5-85FE-4C6414E3C894}.Debug|ARM.ActiveCfg = Debug|Any CPU
		{CBDAD326-F00C-47A5-85FE-4C6414E3C894}.Debug|ARM.Build.0 = Debug|Any CPU
		{CBDAD326-F00C-47A5-85FE-4C6414E3C894}.Debug|iPhone.ActiveCfg = Debug|Any CPU
		{CBDAD326-F00C-47A5-85FE-4C6414E3C894}.Debug|iPhone.Build.0 = Debug|Any CPU
		{CBDAD326-F00C-47A5-85FE-4C6414E3C894}.Debug|iPhoneSimulator.ActiveCfg = Debug|Any CPU
		{CBDAD326-F00C-47A5-85FE-4C6414E3C894}.Debug|iPhoneSimulator.Build.0 = Debug|Any CPU
		{CBDAD326-F00C-47A5-85FE-4C6414E3C894}.Debug|x64.ActiveCfg = Debug|Any CPU
		{CBDAD326-F00C-47A5-85FE-4C6414E3C894}.Debug|x64.Build.0 = Debug|Any CPU
		{CBDAD326-F00C-47A5-85FE-4C6414E3C894}.Debug|x86.ActiveCfg = Debug|Any CPU
		{CBDAD326-F00C-47A5-85FE-4C6414E3C894}.Debug|x86.Build.0 = Debug|Any CPU
		{CBDAD326-F00C-47A5-85FE-4C6414E3C894}.Release|Any CPU.ActiveCfg = Release|Any CPU
		{CBDAD326-F00C-47A5-85FE-4C6414E3C894}.Release|Any CPU.Build.0 = Release|Any CPU
		{CBDAD326-F00C-47A5-85FE-4C6414E3C894}.Release|ARM.ActiveCfg = Release|Any CPU
		{CBDAD326-F00C-47A5-85FE-4C6414E3C894}.Release|ARM.Build.0 = Release|Any CPU
		{CBDAD326-F00C-47A5-85FE-4C6414E3C894}.Release|iPhone.ActiveCfg = Release|Any CPU
		{CBDAD326-F00C-47A5-85FE-4C6414E3C894}.Release|iPhone.Build.0 = Release|Any CPU
		{CBDAD326-F00C-47A5-85FE-4C6414E3C894}.Release|iPhoneSimulator.ActiveCfg = Release|Any CPU
		{CBDAD326-F00C-47A5-85FE-4C6414E3C894}.Release|iPhoneSimulator.Build.0 = Release|Any CPU
		{CBDAD326-F00C-47A5-85FE-4C6414E3C894}.Release|x64.ActiveCfg = Release|Any CPU
		{CBDAD326-F00C-47A5-85FE-4C6414E3C894}.Release|x64.Build.0 = Release|Any CPU
		{CBDAD326-F00C-47A5-85FE-4C6414E3C894}.Release|x86.ActiveCfg = Release|Any CPU
		{CBDAD326-F00C-47A5-85FE-4C6414E3C894}.Release|x86.Build.0 = Release|Any CPU
		{B92C0A64-50A8-49F0-AA39-0075CEF16377}.Ad-Hoc|Any CPU.ActiveCfg = Release|Any CPU
		{B92C0A64-50A8-49F0-AA39-0075CEF16377}.Ad-Hoc|Any CPU.Build.0 = Release|Any CPU
		{B92C0A64-50A8-49F0-AA39-0075CEF16377}.Ad-Hoc|Any CPU.Deploy.0 = Release|Any CPU
		{B92C0A64-50A8-49F0-AA39-0075CEF16377}.Ad-Hoc|ARM.ActiveCfg = Release|Any CPU
		{B92C0A64-50A8-49F0-AA39-0075CEF16377}.Ad-Hoc|ARM.Build.0 = Release|Any CPU
		{B92C0A64-50A8-49F0-AA39-0075CEF16377}.Ad-Hoc|ARM.Deploy.0 = Release|Any CPU
		{B92C0A64-50A8-49F0-AA39-0075CEF16377}.Ad-Hoc|iPhone.ActiveCfg = Release|Any CPU
		{B92C0A64-50A8-49F0-AA39-0075CEF16377}.Ad-Hoc|iPhone.Build.0 = Release|Any CPU
		{B92C0A64-50A8-49F0-AA39-0075CEF16377}.Ad-Hoc|iPhone.Deploy.0 = Release|Any CPU
		{B92C0A64-50A8-49F0-AA39-0075CEF16377}.Ad-Hoc|iPhoneSimulator.ActiveCfg = Release|Any CPU
		{B92C0A64-50A8-49F0-AA39-0075CEF16377}.Ad-Hoc|iPhoneSimulator.Build.0 = Release|Any CPU
		{B92C0A64-50A8-49F0-AA39-0075CEF16377}.Ad-Hoc|iPhoneSimulator.Deploy.0 = Release|Any CPU
		{B92C0A64-50A8-49F0-AA39-0075CEF16377}.Ad-Hoc|x64.ActiveCfg = Release|Any CPU
		{B92C0A64-50A8-49F0-AA39-0075CEF16377}.Ad-Hoc|x64.Build.0 = Release|Any CPU
		{B92C0A64-50A8-49F0-AA39-0075CEF16377}.Ad-Hoc|x64.Deploy.0 = Release|Any CPU
		{B92C0A64-50A8-49F0-AA39-0075CEF16377}.Ad-Hoc|x86.ActiveCfg = Release|Any CPU
		{B92C0A64-50A8-49F0-AA39-0075CEF16377}.Ad-Hoc|x86.Build.0 = Release|Any CPU
		{B92C0A64-50A8-49F0-AA39-0075CEF16377}.Ad-Hoc|x86.Deploy.0 = Release|Any CPU
		{B92C0A64-50A8-49F0-AA39-0075CEF16377}.AppStore|Any CPU.ActiveCfg = Release|Any CPU
		{B92C0A64-50A8-49F0-AA39-0075CEF16377}.AppStore|Any CPU.Build.0 = Release|Any CPU
		{B92C0A64-50A8-49F0-AA39-0075CEF16377}.AppStore|Any CPU.Deploy.0 = Release|Any CPU
		{B92C0A64-50A8-49F0-AA39-0075CEF16377}.AppStore|ARM.ActiveCfg = Release|Any CPU
		{B92C0A64-50A8-49F0-AA39-0075CEF16377}.AppStore|ARM.Build.0 = Release|Any CPU
		{B92C0A64-50A8-49F0-AA39-0075CEF16377}.AppStore|ARM.Deploy.0 = Release|Any CPU
		{B92C0A64-50A8-49F0-AA39-0075CEF16377}.AppStore|iPhone.ActiveCfg = Release|Any CPU
		{B92C0A64-50A8-49F0-AA39-0075CEF16377}.AppStore|iPhone.Build.0 = Release|Any CPU
		{B92C0A64-50A8-49F0-AA39-0075CEF16377}.AppStore|iPhone.Deploy.0 = Release|Any CPU
		{B92C0A64-50A8-49F0-AA39-0075CEF16377}.AppStore|iPhoneSimulator.ActiveCfg = Release|Any CPU
		{B92C0A64-50A8-49F0-AA39-0075CEF16377}.AppStore|iPhoneSimulator.Build.0 = Release|Any CPU
		{B92C0A64-50A8-49F0-AA39-0075CEF16377}.AppStore|iPhoneSimulator.Deploy.0 = Release|Any CPU
		{B92C0A64-50A8-49F0-AA39-0075CEF16377}.AppStore|x64.ActiveCfg = Release|Any CPU
		{B92C0A64-50A8-49F0-AA39-0075CEF16377}.AppStore|x64.Build.0 = Release|Any CPU
		{B92C0A64-50A8-49F0-AA39-0075CEF16377}.AppStore|x64.Deploy.0 = Release|Any CPU
		{B92C0A64-50A8-49F0-AA39-0075CEF16377}.AppStore|x86.ActiveCfg = Release|Any CPU
		{B92C0A64-50A8-49F0-AA39-0075CEF16377}.AppStore|x86.Build.0 = Release|Any CPU
		{B92C0A64-50A8-49F0-AA39-0075CEF16377}.AppStore|x86.Deploy.0 = Release|Any CPU
		{B92C0A64-50A8-49F0-AA39-0075CEF16377}.Debug|Any CPU.ActiveCfg = Debug|Any CPU
		{B92C0A64-50A8-49F0-AA39-0075CEF16377}.Debug|Any CPU.Build.0 = Debug|Any CPU
		{B92C0A64-50A8-49F0-AA39-0075CEF16377}.Debug|ARM.ActiveCfg = Debug|Any CPU
		{B92C0A64-50A8-49F0-AA39-0075CEF16377}.Debug|ARM.Build.0 = Debug|Any CPU
		{B92C0A64-50A8-49F0-AA39-0075CEF16377}.Debug|ARM.Deploy.0 = Debug|Any CPU
		{B92C0A64-50A8-49F0-AA39-0075CEF16377}.Debug|iPhone.ActiveCfg = Debug|Any CPU
		{B92C0A64-50A8-49F0-AA39-0075CEF16377}.Debug|iPhone.Build.0 = Debug|Any CPU
		{B92C0A64-50A8-49F0-AA39-0075CEF16377}.Debug|iPhone.Deploy.0 = Debug|Any CPU
		{B92C0A64-50A8-49F0-AA39-0075CEF16377}.Debug|iPhoneSimulator.ActiveCfg = Debug|Any CPU
		{B92C0A64-50A8-49F0-AA39-0075CEF16377}.Debug|iPhoneSimulator.Build.0 = Debug|Any CPU
		{B92C0A64-50A8-49F0-AA39-0075CEF16377}.Debug|iPhoneSimulator.Deploy.0 = Debug|Any CPU
		{B92C0A64-50A8-49F0-AA39-0075CEF16377}.Debug|x64.ActiveCfg = Debug|Any CPU
		{B92C0A64-50A8-49F0-AA39-0075CEF16377}.Debug|x64.Build.0 = Debug|Any CPU
		{B92C0A64-50A8-49F0-AA39-0075CEF16377}.Debug|x64.Deploy.0 = Debug|Any CPU
		{B92C0A64-50A8-49F0-AA39-0075CEF16377}.Debug|x86.ActiveCfg = Debug|Any CPU
		{B92C0A64-50A8-49F0-AA39-0075CEF16377}.Debug|x86.Build.0 = Debug|Any CPU
		{B92C0A64-50A8-49F0-AA39-0075CEF16377}.Debug|x86.Deploy.0 = Debug|Any CPU
		{B92C0A64-50A8-49F0-AA39-0075CEF16377}.Release|Any CPU.ActiveCfg = Release|Any CPU
		{B92C0A64-50A8-49F0-AA39-0075CEF16377}.Release|Any CPU.Build.0 = Release|Any CPU
		{B92C0A64-50A8-49F0-AA39-0075CEF16377}.Release|Any CPU.Deploy.0 = Release|Any CPU
		{B92C0A64-50A8-49F0-AA39-0075CEF16377}.Release|ARM.ActiveCfg = Release|Any CPU
		{B92C0A64-50A8-49F0-AA39-0075CEF16377}.Release|ARM.Build.0 = Release|Any CPU
		{B92C0A64-50A8-49F0-AA39-0075CEF16377}.Release|ARM.Deploy.0 = Release|Any CPU
		{B92C0A64-50A8-49F0-AA39-0075CEF16377}.Release|iPhone.ActiveCfg = Release|Any CPU
		{B92C0A64-50A8-49F0-AA39-0075CEF16377}.Release|iPhone.Build.0 = Release|Any CPU
		{B92C0A64-50A8-49F0-AA39-0075CEF16377}.Release|iPhone.Deploy.0 = Release|Any CPU
		{B92C0A64-50A8-49F0-AA39-0075CEF16377}.Release|iPhoneSimulator.ActiveCfg = Release|Any CPU
		{B92C0A64-50A8-49F0-AA39-0075CEF16377}.Release|iPhoneSimulator.Build.0 = Release|Any CPU
		{B92C0A64-50A8-49F0-AA39-0075CEF16377}.Release|iPhoneSimulator.Deploy.0 = Release|Any CPU
		{B92C0A64-50A8-49F0-AA39-0075CEF16377}.Release|x64.ActiveCfg = Release|Any CPU
		{B92C0A64-50A8-49F0-AA39-0075CEF16377}.Release|x64.Build.0 = Release|Any CPU
		{B92C0A64-50A8-49F0-AA39-0075CEF16377}.Release|x64.Deploy.0 = Release|Any CPU
		{B92C0A64-50A8-49F0-AA39-0075CEF16377}.Release|x86.ActiveCfg = Release|Any CPU
		{B92C0A64-50A8-49F0-AA39-0075CEF16377}.Release|x86.Build.0 = Release|Any CPU
		{B92C0A64-50A8-49F0-AA39-0075CEF16377}.Release|x86.Deploy.0 = Release|Any CPU
		{67F6E1D8-3D52-4CBB-85D9-1B59E656F208}.Ad-Hoc|Any CPU.ActiveCfg = Ad-Hoc|iPhone
		{67F6E1D8-3D52-4CBB-85D9-1B59E656F208}.Ad-Hoc|ARM.ActiveCfg = Ad-Hoc|iPhone
		{67F6E1D8-3D52-4CBB-85D9-1B59E656F208}.Ad-Hoc|iPhone.ActiveCfg = Ad-Hoc|iPhone
		{67F6E1D8-3D52-4CBB-85D9-1B59E656F208}.Ad-Hoc|iPhone.Build.0 = Ad-Hoc|iPhone
		{67F6E1D8-3D52-4CBB-85D9-1B59E656F208}.Ad-Hoc|iPhoneSimulator.ActiveCfg = Ad-Hoc|iPhoneSimulator
		{67F6E1D8-3D52-4CBB-85D9-1B59E656F208}.Ad-Hoc|iPhoneSimulator.Build.0 = Ad-Hoc|iPhoneSimulator
		{67F6E1D8-3D52-4CBB-85D9-1B59E656F208}.Ad-Hoc|x64.ActiveCfg = Ad-Hoc|iPhone
		{67F6E1D8-3D52-4CBB-85D9-1B59E656F208}.Ad-Hoc|x86.ActiveCfg = Ad-Hoc|iPhone
		{67F6E1D8-3D52-4CBB-85D9-1B59E656F208}.AppStore|Any CPU.ActiveCfg = AppStore|iPhone
		{67F6E1D8-3D52-4CBB-85D9-1B59E656F208}.AppStore|ARM.ActiveCfg = AppStore|iPhone
		{67F6E1D8-3D52-4CBB-85D9-1B59E656F208}.AppStore|iPhone.ActiveCfg = AppStore|iPhone
		{67F6E1D8-3D52-4CBB-85D9-1B59E656F208}.AppStore|iPhone.Build.0 = AppStore|iPhone
		{67F6E1D8-3D52-4CBB-85D9-1B59E656F208}.AppStore|iPhoneSimulator.ActiveCfg = AppStore|iPhoneSimulator
		{67F6E1D8-3D52-4CBB-85D9-1B59E656F208}.AppStore|iPhoneSimulator.Build.0 = AppStore|iPhoneSimulator
		{67F6E1D8-3D52-4CBB-85D9-1B59E656F208}.AppStore|x64.ActiveCfg = AppStore|iPhone
		{67F6E1D8-3D52-4CBB-85D9-1B59E656F208}.AppStore|x86.ActiveCfg = AppStore|iPhone
		{67F6E1D8-3D52-4CBB-85D9-1B59E656F208}.Debug|Any CPU.ActiveCfg = Debug|iPhoneSimulator
		{67F6E1D8-3D52-4CBB-85D9-1B59E656F208}.Debug|Any CPU.Build.0 = Debug|iPhoneSimulator
		{67F6E1D8-3D52-4CBB-85D9-1B59E656F208}.Debug|ARM.ActiveCfg = Debug|iPhone
		{67F6E1D8-3D52-4CBB-85D9-1B59E656F208}.Debug|iPhone.ActiveCfg = Debug|iPhone
		{67F6E1D8-3D52-4CBB-85D9-1B59E656F208}.Debug|iPhone.Build.0 = Debug|iPhone
		{67F6E1D8-3D52-4CBB-85D9-1B59E656F208}.Debug|iPhoneSimulator.ActiveCfg = Debug|iPhoneSimulator
		{67F6E1D8-3D52-4CBB-85D9-1B59E656F208}.Debug|iPhoneSimulator.Build.0 = Debug|iPhoneSimulator
		{67F6E1D8-3D52-4CBB-85D9-1B59E656F208}.Debug|x64.ActiveCfg = Debug|iPhone
		{67F6E1D8-3D52-4CBB-85D9-1B59E656F208}.Debug|x86.ActiveCfg = Debug|iPhone
		{67F6E1D8-3D52-4CBB-85D9-1B59E656F208}.Release|Any CPU.ActiveCfg = Release|iPhone
		{67F6E1D8-3D52-4CBB-85D9-1B59E656F208}.Release|ARM.ActiveCfg = Release|iPhone
		{67F6E1D8-3D52-4CBB-85D9-1B59E656F208}.Release|iPhone.ActiveCfg = Release|iPhone
		{67F6E1D8-3D52-4CBB-85D9-1B59E656F208}.Release|iPhone.Build.0 = Release|iPhone
		{67F6E1D8-3D52-4CBB-85D9-1B59E656F208}.Release|iPhoneSimulator.ActiveCfg = Release|iPhoneSimulator
		{67F6E1D8-3D52-4CBB-85D9-1B59E656F208}.Release|iPhoneSimulator.Build.0 = Release|iPhoneSimulator
		{67F6E1D8-3D52-4CBB-85D9-1B59E656F208}.Release|x64.ActiveCfg = Release|iPhone
		{67F6E1D8-3D52-4CBB-85D9-1B59E656F208}.Release|x86.ActiveCfg = Release|iPhone
		{A88BA338-2B60-4519-87EE-46A982AD338B}.Ad-Hoc|Any CPU.ActiveCfg = Release|Any CPU
		{A88BA338-2B60-4519-87EE-46A982AD338B}.Ad-Hoc|Any CPU.Build.0 = Release|Any CPU
		{A88BA338-2B60-4519-87EE-46A982AD338B}.Ad-Hoc|ARM.ActiveCfg = Release|Any CPU
		{A88BA338-2B60-4519-87EE-46A982AD338B}.Ad-Hoc|ARM.Build.0 = Release|Any CPU
		{A88BA338-2B60-4519-87EE-46A982AD338B}.Ad-Hoc|iPhone.ActiveCfg = Release|Any CPU
		{A88BA338-2B60-4519-87EE-46A982AD338B}.Ad-Hoc|iPhone.Build.0 = Release|Any CPU
		{A88BA338-2B60-4519-87EE-46A982AD338B}.Ad-Hoc|iPhoneSimulator.ActiveCfg = Release|Any CPU
		{A88BA338-2B60-4519-87EE-46A982AD338B}.Ad-Hoc|iPhoneSimulator.Build.0 = Release|Any CPU
		{A88BA338-2B60-4519-87EE-46A982AD338B}.Ad-Hoc|x64.ActiveCfg = Release|Any CPU
		{A88BA338-2B60-4519-87EE-46A982AD338B}.Ad-Hoc|x64.Build.0 = Release|Any CPU
		{A88BA338-2B60-4519-87EE-46A982AD338B}.Ad-Hoc|x86.ActiveCfg = Release|Any CPU
		{A88BA338-2B60-4519-87EE-46A982AD338B}.Ad-Hoc|x86.Build.0 = Release|Any CPU
		{A88BA338-2B60-4519-87EE-46A982AD338B}.AppStore|Any CPU.ActiveCfg = Release|Any CPU
		{A88BA338-2B60-4519-87EE-46A982AD338B}.AppStore|Any CPU.Build.0 = Release|Any CPU
		{A88BA338-2B60-4519-87EE-46A982AD338B}.AppStore|ARM.ActiveCfg = Release|Any CPU
		{A88BA338-2B60-4519-87EE-46A982AD338B}.AppStore|ARM.Build.0 = Release|Any CPU
		{A88BA338-2B60-4519-87EE-46A982AD338B}.AppStore|iPhone.ActiveCfg = Release|Any CPU
		{A88BA338-2B60-4519-87EE-46A982AD338B}.AppStore|iPhone.Build.0 = Release|Any CPU
		{A88BA338-2B60-4519-87EE-46A982AD338B}.AppStore|iPhoneSimulator.ActiveCfg = Release|Any CPU
		{A88BA338-2B60-4519-87EE-46A982AD338B}.AppStore|iPhoneSimulator.Build.0 = Release|Any CPU
		{A88BA338-2B60-4519-87EE-46A982AD338B}.AppStore|x64.ActiveCfg = Release|Any CPU
		{A88BA338-2B60-4519-87EE-46A982AD338B}.AppStore|x64.Build.0 = Release|Any CPU
		{A88BA338-2B60-4519-87EE-46A982AD338B}.AppStore|x86.ActiveCfg = Release|Any CPU
		{A88BA338-2B60-4519-87EE-46A982AD338B}.AppStore|x86.Build.0 = Release|Any CPU
		{A88BA338-2B60-4519-87EE-46A982AD338B}.Debug|Any CPU.ActiveCfg = Debug|Any CPU
		{A88BA338-2B60-4519-87EE-46A982AD338B}.Debug|Any CPU.Build.0 = Debug|Any CPU
		{A88BA338-2B60-4519-87EE-46A982AD338B}.Debug|ARM.ActiveCfg = Debug|Any CPU
		{A88BA338-2B60-4519-87EE-46A982AD338B}.Debug|ARM.Build.0 = Debug|Any CPU
		{A88BA338-2B60-4519-87EE-46A982AD338B}.Debug|iPhone.ActiveCfg = Debug|Any CPU
		{A88BA338-2B60-4519-87EE-46A982AD338B}.Debug|iPhone.Build.0 = Debug|Any CPU
		{A88BA338-2B60-4519-87EE-46A982AD338B}.Debug|iPhoneSimulator.ActiveCfg = Debug|Any CPU
		{A88BA338-2B60-4519-87EE-46A982AD338B}.Debug|iPhoneSimulator.Build.0 = Debug|Any CPU
		{A88BA338-2B60-4519-87EE-46A982AD338B}.Debug|x64.ActiveCfg = Debug|Any CPU
		{A88BA338-2B60-4519-87EE-46A982AD338B}.Debug|x64.Build.0 = Debug|Any CPU
		{A88BA338-2B60-4519-87EE-46A982AD338B}.Debug|x86.ActiveCfg = Debug|Any CPU
		{A88BA338-2B60-4519-87EE-46A982AD338B}.Debug|x86.Build.0 = Debug|Any CPU
		{A88BA338-2B60-4519-87EE-46A982AD338B}.Release|Any CPU.ActiveCfg = Release|Any CPU
		{A88BA338-2B60-4519-87EE-46A982AD338B}.Release|Any CPU.Build.0 = Release|Any CPU
		{A88BA338-2B60-4519-87EE-46A982AD338B}.Release|ARM.ActiveCfg = Release|Any CPU
		{A88BA338-2B60-4519-87EE-46A982AD338B}.Release|ARM.Build.0 = Release|Any CPU
		{A88BA338-2B60-4519-87EE-46A982AD338B}.Release|iPhone.ActiveCfg = Release|Any CPU
		{A88BA338-2B60-4519-87EE-46A982AD338B}.Release|iPhone.Build.0 = Release|Any CPU
		{A88BA338-2B60-4519-87EE-46A982AD338B}.Release|iPhoneSimulator.ActiveCfg = Release|Any CPU
		{A88BA338-2B60-4519-87EE-46A982AD338B}.Release|iPhoneSimulator.Build.0 = Release|Any CPU
		{A88BA338-2B60-4519-87EE-46A982AD338B}.Release|x64.ActiveCfg = Release|Any CPU
		{A88BA338-2B60-4519-87EE-46A982AD338B}.Release|x64.Build.0 = Release|Any CPU
		{A88BA338-2B60-4519-87EE-46A982AD338B}.Release|x86.ActiveCfg = Release|Any CPU
		{A88BA338-2B60-4519-87EE-46A982AD338B}.Release|x86.Build.0 = Release|Any CPU
		{AB420AAE-157A-4351-B5F8-3E033479D506}.Ad-Hoc|Any CPU.ActiveCfg = Release|Any CPU
		{AB420AAE-157A-4351-B5F8-3E033479D506}.Ad-Hoc|Any CPU.Build.0 = Release|Any CPU
		{AB420AAE-157A-4351-B5F8-3E033479D506}.Ad-Hoc|Any CPU.Deploy.0 = Release|Any CPU
		{AB420AAE-157A-4351-B5F8-3E033479D506}.Ad-Hoc|ARM.ActiveCfg = Release|Any CPU
		{AB420AAE-157A-4351-B5F8-3E033479D506}.Ad-Hoc|ARM.Build.0 = Release|Any CPU
		{AB420AAE-157A-4351-B5F8-3E033479D506}.Ad-Hoc|ARM.Deploy.0 = Release|Any CPU
		{AB420AAE-157A-4351-B5F8-3E033479D506}.Ad-Hoc|iPhone.ActiveCfg = Release|Any CPU
		{AB420AAE-157A-4351-B5F8-3E033479D506}.Ad-Hoc|iPhone.Build.0 = Release|Any CPU
		{AB420AAE-157A-4351-B5F8-3E033479D506}.Ad-Hoc|iPhone.Deploy.0 = Release|Any CPU
		{AB420AAE-157A-4351-B5F8-3E033479D506}.Ad-Hoc|iPhoneSimulator.ActiveCfg = Release|Any CPU
		{AB420AAE-157A-4351-B5F8-3E033479D506}.Ad-Hoc|iPhoneSimulator.Build.0 = Release|Any CPU
		{AB420AAE-157A-4351-B5F8-3E033479D506}.Ad-Hoc|iPhoneSimulator.Deploy.0 = Release|Any CPU
		{AB420AAE-157A-4351-B5F8-3E033479D506}.Ad-Hoc|x64.ActiveCfg = Release|Any CPU
		{AB420AAE-157A-4351-B5F8-3E033479D506}.Ad-Hoc|x64.Build.0 = Release|Any CPU
		{AB420AAE-157A-4351-B5F8-3E033479D506}.Ad-Hoc|x64.Deploy.0 = Release|Any CPU
		{AB420AAE-157A-4351-B5F8-3E033479D506}.Ad-Hoc|x86.ActiveCfg = Release|Any CPU
		{AB420AAE-157A-4351-B5F8-3E033479D506}.Ad-Hoc|x86.Build.0 = Release|Any CPU
		{AB420AAE-157A-4351-B5F8-3E033479D506}.Ad-Hoc|x86.Deploy.0 = Release|Any CPU
		{AB420AAE-157A-4351-B5F8-3E033479D506}.AppStore|Any CPU.ActiveCfg = Release|Any CPU
		{AB420AAE-157A-4351-B5F8-3E033479D506}.AppStore|Any CPU.Build.0 = Release|Any CPU
		{AB420AAE-157A-4351-B5F8-3E033479D506}.AppStore|Any CPU.Deploy.0 = Release|Any CPU
		{AB420AAE-157A-4351-B5F8-3E033479D506}.AppStore|ARM.ActiveCfg = Release|Any CPU
		{AB420AAE-157A-4351-B5F8-3E033479D506}.AppStore|ARM.Build.0 = Release|Any CPU
		{AB420AAE-157A-4351-B5F8-3E033479D506}.AppStore|ARM.Deploy.0 = Release|Any CPU
		{AB420AAE-157A-4351-B5F8-3E033479D506}.AppStore|iPhone.ActiveCfg = Release|Any CPU
		{AB420AAE-157A-4351-B5F8-3E033479D506}.AppStore|iPhone.Build.0 = Release|Any CPU
		{AB420AAE-157A-4351-B5F8-3E033479D506}.AppStore|iPhone.Deploy.0 = Release|Any CPU
		{AB420AAE-157A-4351-B5F8-3E033479D506}.AppStore|iPhoneSimulator.ActiveCfg = Release|Any CPU
		{AB420AAE-157A-4351-B5F8-3E033479D506}.AppStore|iPhoneSimulator.Build.0 = Release|Any CPU
		{AB420AAE-157A-4351-B5F8-3E033479D506}.AppStore|iPhoneSimulator.Deploy.0 = Release|Any CPU
		{AB420AAE-157A-4351-B5F8-3E033479D506}.AppStore|x64.ActiveCfg = Release|Any CPU
		{AB420AAE-157A-4351-B5F8-3E033479D506}.AppStore|x64.Build.0 = Release|Any CPU
		{AB420AAE-157A-4351-B5F8-3E033479D506}.AppStore|x64.Deploy.0 = Release|Any CPU
		{AB420AAE-157A-4351-B5F8-3E033479D506}.AppStore|x86.ActiveCfg = Release|Any CPU
		{AB420AAE-157A-4351-B5F8-3E033479D506}.AppStore|x86.Build.0 = Release|Any CPU
		{AB420AAE-157A-4351-B5F8-3E033479D506}.AppStore|x86.Deploy.0 = Release|Any CPU
		{AB420AAE-157A-4351-B5F8-3E033479D506}.Debug|Any CPU.ActiveCfg = Debug|Any CPU
		{AB420AAE-157A-4351-B5F8-3E033479D506}.Debug|Any CPU.Build.0 = Debug|Any CPU
		{AB420AAE-157A-4351-B5F8-3E033479D506}.Debug|ARM.ActiveCfg = Debug|Any CPU
		{AB420AAE-157A-4351-B5F8-3E033479D506}.Debug|ARM.Build.0 = Debug|Any CPU
		{AB420AAE-157A-4351-B5F8-3E033479D506}.Debug|ARM.Deploy.0 = Debug|Any CPU
		{AB420AAE-157A-4351-B5F8-3E033479D506}.Debug|iPhone.ActiveCfg = Debug|Any CPU
		{AB420AAE-157A-4351-B5F8-3E033479D506}.Debug|iPhone.Build.0 = Debug|Any CPU
		{AB420AAE-157A-4351-B5F8-3E033479D506}.Debug|iPhone.Deploy.0 = Debug|Any CPU
		{AB420AAE-157A-4351-B5F8-3E033479D506}.Debug|iPhoneSimulator.ActiveCfg = Debug|Any CPU
		{AB420AAE-157A-4351-B5F8-3E033479D506}.Debug|iPhoneSimulator.Build.0 = Debug|Any CPU
		{AB420AAE-157A-4351-B5F8-3E033479D506}.Debug|iPhoneSimulator.Deploy.0 = Debug|Any CPU
		{AB420AAE-157A-4351-B5F8-3E033479D506}.Debug|x64.ActiveCfg = Debug|Any CPU
		{AB420AAE-157A-4351-B5F8-3E033479D506}.Debug|x64.Build.0 = Debug|Any CPU
		{AB420AAE-157A-4351-B5F8-3E033479D506}.Debug|x64.Deploy.0 = Debug|Any CPU
		{AB420AAE-157A-4351-B5F8-3E033479D506}.Debug|x86.ActiveCfg = Debug|Any CPU
		{AB420AAE-157A-4351-B5F8-3E033479D506}.Debug|x86.Build.0 = Debug|Any CPU
		{AB420AAE-157A-4351-B5F8-3E033479D506}.Debug|x86.Deploy.0 = Debug|Any CPU
		{AB420AAE-157A-4351-B5F8-3E033479D506}.Release|Any CPU.ActiveCfg = Release|Any CPU
		{AB420AAE-157A-4351-B5F8-3E033479D506}.Release|Any CPU.Build.0 = Release|Any CPU
		{AB420AAE-157A-4351-B5F8-3E033479D506}.Release|Any CPU.Deploy.0 = Release|Any CPU
		{AB420AAE-157A-4351-B5F8-3E033479D506}.Release|ARM.ActiveCfg = Release|Any CPU
		{AB420AAE-157A-4351-B5F8-3E033479D506}.Release|ARM.Build.0 = Release|Any CPU
		{AB420AAE-157A-4351-B5F8-3E033479D506}.Release|ARM.Deploy.0 = Release|Any CPU
		{AB420AAE-157A-4351-B5F8-3E033479D506}.Release|iPhone.ActiveCfg = Release|Any CPU
		{AB420AAE-157A-4351-B5F8-3E033479D506}.Release|iPhone.Build.0 = Release|Any CPU
		{AB420AAE-157A-4351-B5F8-3E033479D506}.Release|iPhone.Deploy.0 = Release|Any CPU
		{AB420AAE-157A-4351-B5F8-3E033479D506}.Release|iPhoneSimulator.ActiveCfg = Release|Any CPU
		{AB420AAE-157A-4351-B5F8-3E033479D506}.Release|iPhoneSimulator.Build.0 = Release|Any CPU
		{AB420AAE-157A-4351-B5F8-3E033479D506}.Release|iPhoneSimulator.Deploy.0 = Release|Any CPU
		{AB420AAE-157A-4351-B5F8-3E033479D506}.Release|x64.ActiveCfg = Release|Any CPU
		{AB420AAE-157A-4351-B5F8-3E033479D506}.Release|x64.Build.0 = Release|Any CPU
		{AB420AAE-157A-4351-B5F8-3E033479D506}.Release|x64.Deploy.0 = Release|Any CPU
		{AB420AAE-157A-4351-B5F8-3E033479D506}.Release|x86.ActiveCfg = Release|Any CPU
		{AB420AAE-157A-4351-B5F8-3E033479D506}.Release|x86.Build.0 = Release|Any CPU
		{AB420AAE-157A-4351-B5F8-3E033479D506}.Release|x86.Deploy.0 = Release|Any CPU
		{51777C35-BFCC-4A9B-B615-3760064805A7}.Ad-Hoc|Any CPU.ActiveCfg = Release|Any CPU
		{51777C35-BFCC-4A9B-B615-3760064805A7}.Ad-Hoc|Any CPU.Build.0 = Release|Any CPU
		{51777C35-BFCC-4A9B-B615-3760064805A7}.Ad-Hoc|ARM.ActiveCfg = Release|Any CPU
		{51777C35-BFCC-4A9B-B615-3760064805A7}.Ad-Hoc|ARM.Build.0 = Release|Any CPU
		{51777C35-BFCC-4A9B-B615-3760064805A7}.Ad-Hoc|iPhone.ActiveCfg = Release|Any CPU
		{51777C35-BFCC-4A9B-B615-3760064805A7}.Ad-Hoc|iPhone.Build.0 = Release|Any CPU
		{51777C35-BFCC-4A9B-B615-3760064805A7}.Ad-Hoc|iPhoneSimulator.ActiveCfg = Release|Any CPU
		{51777C35-BFCC-4A9B-B615-3760064805A7}.Ad-Hoc|iPhoneSimulator.Build.0 = Release|Any CPU
		{51777C35-BFCC-4A9B-B615-3760064805A7}.Ad-Hoc|x64.ActiveCfg = Release|Any CPU
		{51777C35-BFCC-4A9B-B615-3760064805A7}.Ad-Hoc|x64.Build.0 = Release|Any CPU
		{51777C35-BFCC-4A9B-B615-3760064805A7}.Ad-Hoc|x86.ActiveCfg = Release|Any CPU
		{51777C35-BFCC-4A9B-B615-3760064805A7}.Ad-Hoc|x86.Build.0 = Release|Any CPU
		{51777C35-BFCC-4A9B-B615-3760064805A7}.AppStore|Any CPU.ActiveCfg = Release|Any CPU
		{51777C35-BFCC-4A9B-B615-3760064805A7}.AppStore|Any CPU.Build.0 = Release|Any CPU
		{51777C35-BFCC-4A9B-B615-3760064805A7}.AppStore|ARM.ActiveCfg = Release|Any CPU
		{51777C35-BFCC-4A9B-B615-3760064805A7}.AppStore|ARM.Build.0 = Release|Any CPU
		{51777C35-BFCC-4A9B-B615-3760064805A7}.AppStore|iPhone.ActiveCfg = Release|Any CPU
		{51777C35-BFCC-4A9B-B615-3760064805A7}.AppStore|iPhone.Build.0 = Release|Any CPU
		{51777C35-BFCC-4A9B-B615-3760064805A7}.AppStore|iPhoneSimulator.ActiveCfg = Release|Any CPU
		{51777C35-BFCC-4A9B-B615-3760064805A7}.AppStore|iPhoneSimulator.Build.0 = Release|Any CPU
		{51777C35-BFCC-4A9B-B615-3760064805A7}.AppStore|x64.ActiveCfg = Release|Any CPU
		{51777C35-BFCC-4A9B-B615-3760064805A7}.AppStore|x64.Build.0 = Release|Any CPU
		{51777C35-BFCC-4A9B-B615-3760064805A7}.AppStore|x86.ActiveCfg = Release|Any CPU
		{51777C35-BFCC-4A9B-B615-3760064805A7}.AppStore|x86.Build.0 = Release|Any CPU
		{51777C35-BFCC-4A9B-B615-3760064805A7}.Debug|Any CPU.ActiveCfg = Debug|Any CPU
		{51777C35-BFCC-4A9B-B615-3760064805A7}.Debug|Any CPU.Build.0 = Debug|Any CPU
		{51777C35-BFCC-4A9B-B615-3760064805A7}.Debug|ARM.ActiveCfg = Debug|Any CPU
		{51777C35-BFCC-4A9B-B615-3760064805A7}.Debug|ARM.Build.0 = Debug|Any CPU
		{51777C35-BFCC-4A9B-B615-3760064805A7}.Debug|iPhone.ActiveCfg = Debug|Any CPU
		{51777C35-BFCC-4A9B-B615-3760064805A7}.Debug|iPhone.Build.0 = Debug|Any CPU
		{51777C35-BFCC-4A9B-B615-3760064805A7}.Debug|iPhoneSimulator.ActiveCfg = Debug|Any CPU
		{51777C35-BFCC-4A9B-B615-3760064805A7}.Debug|iPhoneSimulator.Build.0 = Debug|Any CPU
		{51777C35-BFCC-4A9B-B615-3760064805A7}.Debug|x64.ActiveCfg = Debug|Any CPU
		{51777C35-BFCC-4A9B-B615-3760064805A7}.Debug|x64.Build.0 = Debug|Any CPU
		{51777C35-BFCC-4A9B-B615-3760064805A7}.Debug|x86.ActiveCfg = Debug|Any CPU
		{51777C35-BFCC-4A9B-B615-3760064805A7}.Debug|x86.Build.0 = Debug|Any CPU
		{51777C35-BFCC-4A9B-B615-3760064805A7}.Release|Any CPU.ActiveCfg = Release|Any CPU
		{51777C35-BFCC-4A9B-B615-3760064805A7}.Release|Any CPU.Build.0 = Release|Any CPU
		{51777C35-BFCC-4A9B-B615-3760064805A7}.Release|ARM.ActiveCfg = Release|Any CPU
		{51777C35-BFCC-4A9B-B615-3760064805A7}.Release|ARM.Build.0 = Release|Any CPU
		{51777C35-BFCC-4A9B-B615-3760064805A7}.Release|iPhone.ActiveCfg = Release|Any CPU
		{51777C35-BFCC-4A9B-B615-3760064805A7}.Release|iPhone.Build.0 = Release|Any CPU
		{51777C35-BFCC-4A9B-B615-3760064805A7}.Release|iPhoneSimulator.ActiveCfg = Release|Any CPU
		{51777C35-BFCC-4A9B-B615-3760064805A7}.Release|iPhoneSimulator.Build.0 = Release|Any CPU
		{51777C35-BFCC-4A9B-B615-3760064805A7}.Release|x64.ActiveCfg = Release|Any CPU
		{51777C35-BFCC-4A9B-B615-3760064805A7}.Release|x64.Build.0 = Release|Any CPU
		{51777C35-BFCC-4A9B-B615-3760064805A7}.Release|x86.ActiveCfg = Release|Any CPU
		{51777C35-BFCC-4A9B-B615-3760064805A7}.Release|x86.Build.0 = Release|Any CPU
		{57B890E5-E4A7-4111-A3CC-0D7BECC66B6C}.Ad-Hoc|Any CPU.ActiveCfg = Debug|Any CPU
		{57B890E5-E4A7-4111-A3CC-0D7BECC66B6C}.Ad-Hoc|Any CPU.Build.0 = Debug|Any CPU
		{57B890E5-E4A7-4111-A3CC-0D7BECC66B6C}.Ad-Hoc|ARM.ActiveCfg = Debug|Any CPU
		{57B890E5-E4A7-4111-A3CC-0D7BECC66B6C}.Ad-Hoc|ARM.Build.0 = Debug|Any CPU
		{57B890E5-E4A7-4111-A3CC-0D7BECC66B6C}.Ad-Hoc|iPhone.ActiveCfg = Debug|Any CPU
		{57B890E5-E4A7-4111-A3CC-0D7BECC66B6C}.Ad-Hoc|iPhone.Build.0 = Debug|Any CPU
		{57B890E5-E4A7-4111-A3CC-0D7BECC66B6C}.Ad-Hoc|iPhoneSimulator.ActiveCfg = Debug|Any CPU
		{57B890E5-E4A7-4111-A3CC-0D7BECC66B6C}.Ad-Hoc|iPhoneSimulator.Build.0 = Debug|Any CPU
		{57B890E5-E4A7-4111-A3CC-0D7BECC66B6C}.Ad-Hoc|x64.ActiveCfg = Debug|Any CPU
		{57B890E5-E4A7-4111-A3CC-0D7BECC66B6C}.Ad-Hoc|x64.Build.0 = Debug|Any CPU
		{57B890E5-E4A7-4111-A3CC-0D7BECC66B6C}.Ad-Hoc|x86.ActiveCfg = Debug|Any CPU
		{57B890E5-E4A7-4111-A3CC-0D7BECC66B6C}.Ad-Hoc|x86.Build.0 = Debug|Any CPU
		{57B890E5-E4A7-4111-A3CC-0D7BECC66B6C}.AppStore|Any CPU.ActiveCfg = Debug|Any CPU
		{57B890E5-E4A7-4111-A3CC-0D7BECC66B6C}.AppStore|Any CPU.Build.0 = Debug|Any CPU
		{57B890E5-E4A7-4111-A3CC-0D7BECC66B6C}.AppStore|ARM.ActiveCfg = Debug|Any CPU
		{57B890E5-E4A7-4111-A3CC-0D7BECC66B6C}.AppStore|ARM.Build.0 = Debug|Any CPU
		{57B890E5-E4A7-4111-A3CC-0D7BECC66B6C}.AppStore|iPhone.ActiveCfg = Debug|Any CPU
		{57B890E5-E4A7-4111-A3CC-0D7BECC66B6C}.AppStore|iPhone.Build.0 = Debug|Any CPU
		{57B890E5-E4A7-4111-A3CC-0D7BECC66B6C}.AppStore|iPhoneSimulator.ActiveCfg = Debug|Any CPU
		{57B890E5-E4A7-4111-A3CC-0D7BECC66B6C}.AppStore|iPhoneSimulator.Build.0 = Debug|Any CPU
		{57B890E5-E4A7-4111-A3CC-0D7BECC66B6C}.AppStore|x64.ActiveCfg = Debug|Any CPU
		{57B890E5-E4A7-4111-A3CC-0D7BECC66B6C}.AppStore|x64.Build.0 = Debug|Any CPU
		{57B890E5-E4A7-4111-A3CC-0D7BECC66B6C}.AppStore|x86.ActiveCfg = Debug|Any CPU
		{57B890E5-E4A7-4111-A3CC-0D7BECC66B6C}.AppStore|x86.Build.0 = Debug|Any CPU
		{57B890E5-E4A7-4111-A3CC-0D7BECC66B6C}.Debug|Any CPU.ActiveCfg = Debug|x86
		{57B890E5-E4A7-4111-A3CC-0D7BECC66B6C}.Debug|Any CPU.Build.0 = Debug|x86
		{57B890E5-E4A7-4111-A3CC-0D7BECC66B6C}.Debug|ARM.ActiveCfg = Debug|Any CPU
		{57B890E5-E4A7-4111-A3CC-0D7BECC66B6C}.Debug|ARM.Build.0 = Debug|Any CPU
		{57B890E5-E4A7-4111-A3CC-0D7BECC66B6C}.Debug|iPhone.ActiveCfg = Debug|Any CPU
		{57B890E5-E4A7-4111-A3CC-0D7BECC66B6C}.Debug|iPhone.Build.0 = Debug|Any CPU
		{57B890E5-E4A7-4111-A3CC-0D7BECC66B6C}.Debug|iPhoneSimulator.ActiveCfg = Debug|Any CPU
		{57B890E5-E4A7-4111-A3CC-0D7BECC66B6C}.Debug|iPhoneSimulator.Build.0 = Debug|Any CPU
		{57B890E5-E4A7-4111-A3CC-0D7BECC66B6C}.Debug|x64.ActiveCfg = Debug|Any CPU
		{57B890E5-E4A7-4111-A3CC-0D7BECC66B6C}.Debug|x64.Build.0 = Debug|Any CPU
		{57B890E5-E4A7-4111-A3CC-0D7BECC66B6C}.Debug|x86.ActiveCfg = Debug|x86
		{57B890E5-E4A7-4111-A3CC-0D7BECC66B6C}.Debug|x86.Build.0 = Debug|x86
		{57B890E5-E4A7-4111-A3CC-0D7BECC66B6C}.Release|Any CPU.ActiveCfg = Release|x86
		{57B890E5-E4A7-4111-A3CC-0D7BECC66B6C}.Release|Any CPU.Build.0 = Release|x86
		{57B890E5-E4A7-4111-A3CC-0D7BECC66B6C}.Release|ARM.ActiveCfg = Release|Any CPU
		{57B890E5-E4A7-4111-A3CC-0D7BECC66B6C}.Release|ARM.Build.0 = Release|Any CPU
		{57B890E5-E4A7-4111-A3CC-0D7BECC66B6C}.Release|iPhone.ActiveCfg = Release|Any CPU
		{57B890E5-E4A7-4111-A3CC-0D7BECC66B6C}.Release|iPhone.Build.0 = Release|Any CPU
		{57B890E5-E4A7-4111-A3CC-0D7BECC66B6C}.Release|iPhoneSimulator.ActiveCfg = Release|Any CPU
		{57B890E5-E4A7-4111-A3CC-0D7BECC66B6C}.Release|iPhoneSimulator.Build.0 = Release|Any CPU
		{57B890E5-E4A7-4111-A3CC-0D7BECC66B6C}.Release|x64.ActiveCfg = Release|Any CPU
		{57B890E5-E4A7-4111-A3CC-0D7BECC66B6C}.Release|x64.Build.0 = Release|Any CPU
		{57B890E5-E4A7-4111-A3CC-0D7BECC66B6C}.Release|x86.ActiveCfg = Release|Any CPU
		{57B890E5-E4A7-4111-A3CC-0D7BECC66B6C}.Release|x86.Build.0 = Release|Any CPU
		{3E951C1C-12D4-409D-8D14-14A88AF532EE}.Ad-Hoc|Any CPU.ActiveCfg = Ad-Hoc|iPhone
		{3E951C1C-12D4-409D-8D14-14A88AF532EE}.Ad-Hoc|ARM.ActiveCfg = Ad-Hoc|iPhone
		{3E951C1C-12D4-409D-8D14-14A88AF532EE}.Ad-Hoc|iPhone.ActiveCfg = Ad-Hoc|iPhone
		{3E951C1C-12D4-409D-8D14-14A88AF532EE}.Ad-Hoc|iPhone.Build.0 = Ad-Hoc|iPhone
		{3E951C1C-12D4-409D-8D14-14A88AF532EE}.Ad-Hoc|iPhoneSimulator.ActiveCfg = Ad-Hoc|iPhoneSimulator
		{3E951C1C-12D4-409D-8D14-14A88AF532EE}.Ad-Hoc|iPhoneSimulator.Build.0 = Ad-Hoc|iPhoneSimulator
		{3E951C1C-12D4-409D-8D14-14A88AF532EE}.Ad-Hoc|x64.ActiveCfg = Ad-Hoc|iPhone
		{3E951C1C-12D4-409D-8D14-14A88AF532EE}.Ad-Hoc|x86.ActiveCfg = Ad-Hoc|iPhone
		{3E951C1C-12D4-409D-8D14-14A88AF532EE}.AppStore|Any CPU.ActiveCfg = AppStore|iPhone
		{3E951C1C-12D4-409D-8D14-14A88AF532EE}.AppStore|ARM.ActiveCfg = AppStore|iPhone
		{3E951C1C-12D4-409D-8D14-14A88AF532EE}.AppStore|iPhone.ActiveCfg = AppStore|iPhone
		{3E951C1C-12D4-409D-8D14-14A88AF532EE}.AppStore|iPhone.Build.0 = AppStore|iPhone
		{3E951C1C-12D4-409D-8D14-14A88AF532EE}.AppStore|iPhoneSimulator.ActiveCfg = AppStore|iPhoneSimulator
		{3E951C1C-12D4-409D-8D14-14A88AF532EE}.AppStore|iPhoneSimulator.Build.0 = AppStore|iPhoneSimulator
		{3E951C1C-12D4-409D-8D14-14A88AF532EE}.AppStore|x64.ActiveCfg = AppStore|iPhone
		{3E951C1C-12D4-409D-8D14-14A88AF532EE}.AppStore|x86.ActiveCfg = AppStore|iPhone
		{3E951C1C-12D4-409D-8D14-14A88AF532EE}.Debug|Any CPU.ActiveCfg = Debug|iPhoneSimulator
		{3E951C1C-12D4-409D-8D14-14A88AF532EE}.Debug|Any CPU.Build.0 = Debug|iPhoneSimulator
		{3E951C1C-12D4-409D-8D14-14A88AF532EE}.Debug|ARM.ActiveCfg = Debug|iPhone
		{3E951C1C-12D4-409D-8D14-14A88AF532EE}.Debug|iPhone.ActiveCfg = Debug|iPhone
		{3E951C1C-12D4-409D-8D14-14A88AF532EE}.Debug|iPhone.Build.0 = Debug|iPhone
		{3E951C1C-12D4-409D-8D14-14A88AF532EE}.Debug|iPhoneSimulator.ActiveCfg = Debug|iPhoneSimulator
		{3E951C1C-12D4-409D-8D14-14A88AF532EE}.Debug|iPhoneSimulator.Build.0 = Debug|iPhoneSimulator
		{3E951C1C-12D4-409D-8D14-14A88AF532EE}.Debug|x64.ActiveCfg = Debug|iPhone
		{3E951C1C-12D4-409D-8D14-14A88AF532EE}.Debug|x86.ActiveCfg = Debug|iPhone
		{3E951C1C-12D4-409D-8D14-14A88AF532EE}.Release|Any CPU.ActiveCfg = Release|iPhone
		{3E951C1C-12D4-409D-8D14-14A88AF532EE}.Release|ARM.ActiveCfg = Release|iPhone
		{3E951C1C-12D4-409D-8D14-14A88AF532EE}.Release|iPhone.ActiveCfg = Release|iPhone
		{3E951C1C-12D4-409D-8D14-14A88AF532EE}.Release|iPhone.Build.0 = Release|iPhone
		{3E951C1C-12D4-409D-8D14-14A88AF532EE}.Release|iPhoneSimulator.ActiveCfg = Release|iPhoneSimulator
		{3E951C1C-12D4-409D-8D14-14A88AF532EE}.Release|iPhoneSimulator.Build.0 = Release|iPhoneSimulator
		{3E951C1C-12D4-409D-8D14-14A88AF532EE}.Release|x64.ActiveCfg = Release|iPhone
		{3E951C1C-12D4-409D-8D14-14A88AF532EE}.Release|x86.ActiveCfg = Release|iPhone
		{C31C1991-4A42-402A-95FF-6F3A80C5A28C}.Ad-Hoc|Any CPU.ActiveCfg = Release|x64
		{C31C1991-4A42-402A-95FF-6F3A80C5A28C}.Ad-Hoc|Any CPU.Build.0 = Release|x64
		{C31C1991-4A42-402A-95FF-6F3A80C5A28C}.Ad-Hoc|Any CPU.Deploy.0 = Release|x64
		{C31C1991-4A42-402A-95FF-6F3A80C5A28C}.Ad-Hoc|ARM.ActiveCfg = Release|ARM
		{C31C1991-4A42-402A-95FF-6F3A80C5A28C}.Ad-Hoc|ARM.Build.0 = Release|ARM
		{C31C1991-4A42-402A-95FF-6F3A80C5A28C}.Ad-Hoc|ARM.Deploy.0 = Release|ARM
		{C31C1991-4A42-402A-95FF-6F3A80C5A28C}.Ad-Hoc|iPhone.ActiveCfg = Release|x64
		{C31C1991-4A42-402A-95FF-6F3A80C5A28C}.Ad-Hoc|iPhone.Build.0 = Release|x64
		{C31C1991-4A42-402A-95FF-6F3A80C5A28C}.Ad-Hoc|iPhone.Deploy.0 = Release|x64
		{C31C1991-4A42-402A-95FF-6F3A80C5A28C}.Ad-Hoc|iPhoneSimulator.ActiveCfg = Release|x64
		{C31C1991-4A42-402A-95FF-6F3A80C5A28C}.Ad-Hoc|iPhoneSimulator.Build.0 = Release|x64
		{C31C1991-4A42-402A-95FF-6F3A80C5A28C}.Ad-Hoc|iPhoneSimulator.Deploy.0 = Release|x64
		{C31C1991-4A42-402A-95FF-6F3A80C5A28C}.Ad-Hoc|x64.ActiveCfg = Release|x64
		{C31C1991-4A42-402A-95FF-6F3A80C5A28C}.Ad-Hoc|x64.Build.0 = Release|x64
		{C31C1991-4A42-402A-95FF-6F3A80C5A28C}.Ad-Hoc|x64.Deploy.0 = Release|x64
		{C31C1991-4A42-402A-95FF-6F3A80C5A28C}.Ad-Hoc|x86.ActiveCfg = Release|x86
		{C31C1991-4A42-402A-95FF-6F3A80C5A28C}.Ad-Hoc|x86.Build.0 = Release|x86
		{C31C1991-4A42-402A-95FF-6F3A80C5A28C}.Ad-Hoc|x86.Deploy.0 = Release|x86
		{C31C1991-4A42-402A-95FF-6F3A80C5A28C}.AppStore|Any CPU.ActiveCfg = Release|x64
		{C31C1991-4A42-402A-95FF-6F3A80C5A28C}.AppStore|Any CPU.Build.0 = Release|x64
		{C31C1991-4A42-402A-95FF-6F3A80C5A28C}.AppStore|Any CPU.Deploy.0 = Release|x64
		{C31C1991-4A42-402A-95FF-6F3A80C5A28C}.AppStore|ARM.ActiveCfg = Release|ARM
		{C31C1991-4A42-402A-95FF-6F3A80C5A28C}.AppStore|ARM.Build.0 = Release|ARM
		{C31C1991-4A42-402A-95FF-6F3A80C5A28C}.AppStore|ARM.Deploy.0 = Release|ARM
		{C31C1991-4A42-402A-95FF-6F3A80C5A28C}.AppStore|iPhone.ActiveCfg = Release|x64
		{C31C1991-4A42-402A-95FF-6F3A80C5A28C}.AppStore|iPhone.Build.0 = Release|x64
		{C31C1991-4A42-402A-95FF-6F3A80C5A28C}.AppStore|iPhone.Deploy.0 = Release|x64
		{C31C1991-4A42-402A-95FF-6F3A80C5A28C}.AppStore|iPhoneSimulator.ActiveCfg = Release|x64
		{C31C1991-4A42-402A-95FF-6F3A80C5A28C}.AppStore|iPhoneSimulator.Build.0 = Release|x64
		{C31C1991-4A42-402A-95FF-6F3A80C5A28C}.AppStore|iPhoneSimulator.Deploy.0 = Release|x64
		{C31C1991-4A42-402A-95FF-6F3A80C5A28C}.AppStore|x64.ActiveCfg = Release|x64
		{C31C1991-4A42-402A-95FF-6F3A80C5A28C}.AppStore|x64.Build.0 = Release|x64
		{C31C1991-4A42-402A-95FF-6F3A80C5A28C}.AppStore|x64.Deploy.0 = Release|x64
		{C31C1991-4A42-402A-95FF-6F3A80C5A28C}.AppStore|x86.ActiveCfg = Release|x86
		{C31C1991-4A42-402A-95FF-6F3A80C5A28C}.AppStore|x86.Build.0 = Release|x86
		{C31C1991-4A42-402A-95FF-6F3A80C5A28C}.AppStore|x86.Deploy.0 = Release|x86
		{C31C1991-4A42-402A-95FF-6F3A80C5A28C}.Debug|Any CPU.ActiveCfg = Debug|x86
		{C31C1991-4A42-402A-95FF-6F3A80C5A28C}.Debug|ARM.ActiveCfg = Debug|ARM
		{C31C1991-4A42-402A-95FF-6F3A80C5A28C}.Debug|ARM.Build.0 = Debug|ARM
		{C31C1991-4A42-402A-95FF-6F3A80C5A28C}.Debug|ARM.Deploy.0 = Debug|ARM
		{C31C1991-4A42-402A-95FF-6F3A80C5A28C}.Debug|iPhone.ActiveCfg = Debug|x86
		{C31C1991-4A42-402A-95FF-6F3A80C5A28C}.Debug|iPhoneSimulator.ActiveCfg = Debug|x86
		{C31C1991-4A42-402A-95FF-6F3A80C5A28C}.Debug|x64.ActiveCfg = Debug|x64
		{C31C1991-4A42-402A-95FF-6F3A80C5A28C}.Debug|x64.Build.0 = Debug|x64
		{C31C1991-4A42-402A-95FF-6F3A80C5A28C}.Debug|x64.Deploy.0 = Debug|x64
		{C31C1991-4A42-402A-95FF-6F3A80C5A28C}.Debug|x86.ActiveCfg = Debug|x86
		{C31C1991-4A42-402A-95FF-6F3A80C5A28C}.Debug|x86.Build.0 = Debug|x86
		{C31C1991-4A42-402A-95FF-6F3A80C5A28C}.Debug|x86.Deploy.0 = Debug|x86
		{C31C1991-4A42-402A-95FF-6F3A80C5A28C}.Release|Any CPU.ActiveCfg = Release|x86
		{C31C1991-4A42-402A-95FF-6F3A80C5A28C}.Release|ARM.ActiveCfg = Release|ARM
		{C31C1991-4A42-402A-95FF-6F3A80C5A28C}.Release|ARM.Build.0 = Release|ARM
		{C31C1991-4A42-402A-95FF-6F3A80C5A28C}.Release|ARM.Deploy.0 = Release|ARM
		{C31C1991-4A42-402A-95FF-6F3A80C5A28C}.Release|iPhone.ActiveCfg = Release|x86
		{C31C1991-4A42-402A-95FF-6F3A80C5A28C}.Release|iPhoneSimulator.ActiveCfg = Release|x86
		{C31C1991-4A42-402A-95FF-6F3A80C5A28C}.Release|x64.ActiveCfg = Release|x64
		{C31C1991-4A42-402A-95FF-6F3A80C5A28C}.Release|x64.Build.0 = Release|x64
		{C31C1991-4A42-402A-95FF-6F3A80C5A28C}.Release|x64.Deploy.0 = Release|x64
		{C31C1991-4A42-402A-95FF-6F3A80C5A28C}.Release|x86.ActiveCfg = Release|x86
		{C31C1991-4A42-402A-95FF-6F3A80C5A28C}.Release|x86.Build.0 = Release|x86
		{C31C1991-4A42-402A-95FF-6F3A80C5A28C}.Release|x86.Deploy.0 = Release|x86
	EndGlobalSection
	GlobalSection(SolutionProperties) = preSolution
		HideSolutionNode = FALSE
	EndGlobalSection
	GlobalSection(ExtensibilityGlobals) = postSolution
		SolutionGuid = {DD47F25B-D797-49D1-BC0D-C2C06D9D2CBC}
	EndGlobalSection
EndGlobal
