
Microsoft Visual Studio Solution File, Format Version 12.00
# Visual Studio Version 17
VisualStudioVersion = 17.2.32616.157
MinimumVisualStudioVersion = 10.0.40219.1
Project("{2150E333-8FDC-42A3-9474-1A3956D46DE8}") = "Solution Items", "Solution Items", "{9407D902-E9CF-4CB6-B601-77CDF74B9475}"
	ProjectSection(SolutionItems) = preProject
		..\.github\workflows\ci-build.yml = ..\.github\workflows\ci-build.yml
		Directory.build.props = Directory.build.props
		Directory.build.targets = Directory.build.targets
		global.json = global.json
		Migration.md = Migration.md
		..\README.md = ..\README.md
		..\.github\workflows\release.yml = ..\.github\workflows\release.yml
		stylecop.json = stylecop.json
		..\version.json = ..\version.json
	EndProjectSection
EndProject
Project("{FAE04EC0-301F-11D3-BF4B-00C04F79EFBC}") = "ReactiveMarbles.CacheDatabase.Sqlite3", "ReactiveMarbles.CacheDatabase.Sqlite3\ReactiveMarbles.CacheDatabase.Sqlite3.csproj", "{E98682E0-EB39-B46A-31B6-9BAE0D9F6AA4}"
EndProject
Project("{FAE04EC0-301F-11D3-BF4B-00C04F79EFBC}") = "ReactiveMarbles.CacheDatabase.Core", "ReactiveMarbles.CacheDatabase.Core\ReactiveMarbles.CacheDatabase.Core.csproj", "{8B317CB9-6BBE-8DFD-FAE4-AE65594F713A}"
EndProject
Project("{FAE04EC0-301F-11D3-BF4B-00C04F79EFBC}") = "ReactiveMarbles.CacheDatabase.SystemTextJson", "ReactiveMarbles.CacheDatabase.SystemTextJson\ReactiveMarbles.CacheDatabase.SystemTextJson.csproj", "{ADFC7975-D670-11D3-A7F2-35B85D528F7A}"
EndProject
Project("{FAE04EC0-301F-11D3-BF4B-00C04F79EFBC}") = "ReactiveMarbles.CacheDatabase.NewtonsoftJson", "ReactiveMarbles.CacheDatabase.NewtonsoftJson\ReactiveMarbles.CacheDatabase.NewtonsoftJson.csproj", "{D430DD89-35AA-6061-7CDC-D46BE32FC669}"
EndProject
Project("{FAE04EC0-301F-11D3-BF4B-00C04F79EFBC}") = "ReactiveMarbles.CacheDatabase.EncryptedSqlite3", "ReactiveMarbles.CacheDatabase.EncryptedSqlite3\ReactiveMarbles.CacheDatabase.EncryptedSqlite3.csproj", "{CA51D698-CE5B-EE7A-B6CD-DE9F89518805}"
EndProject
Project("{FAE04EC0-301F-11D3-BF4B-00C04F79EFBC}") = "ReactiveMarbles.CacheDatabase.Drawing", "ReactiveMarbles.CacheDatabase.Drawing\ReactiveMarbles.CacheDatabase.Drawing.csproj", "{077CF6A4-F8C3-29C9-D78B-C7F759DB5384}"
EndProject
Project("{FAE04EC0-301F-11D3-BF4B-00C04F79EFBC}") = "ReactiveMarbles.CacheDatabase.Tests", "ReactiveMarbles.CacheDatabase.Tests\ReactiveMarbles.CacheDatabase.Tests.csproj", "{5139E4F4-4F2A-0299-5284-3D166D7D5841}"
EndProject
Project("{FAE04EC0-301F-11D3-BF4B-00C04F79EFBC}") = "ReactiveMarbles.CacheDatabase.Settings", "ReactiveMarbles.CacheDatabase.Settings\ReactiveMarbles.CacheDatabase.Settings.csproj", "{447307C3-35CF-E072-988D-682C7636A116}"
EndProject
Project("{FAE04EC0-301F-11D3-BF4B-00C04F79EFBC}") = "ReactiveMarbles.CacheDatabase.Settings.Tests", "ReactiveMarbles.CacheDatabase.Settings.Tests\ReactiveMarbles.CacheDatabase.Settings.Tests.csproj", "{95375AF7-E250-AA8B-01D4-370859335666}"
EndProject
Project("{FAE04EC0-301F-11D3-BF4B-00C04F79EFBC}") = "ReactiveMarbles.CacheDatabase.EncryptedSettings", "ReactiveMarbles.CacheDatabase.EncryptedSettings\ReactiveMarbles.CacheDatabase.EncryptedSettings.csproj", "{CB78A78C-6C0D-D1BE-AAAA-9AE2A2E6C0F4}"
EndProject
Project("{FAE04EC0-301F-11D3-BF4B-00C04F79EFBC}") = "ReactiveMarbles.CacheDatabase.EncryptedSettings.Tests", "ReactiveMarbles.CacheDatabase.EncryptedSettings.Tests\ReactiveMarbles.CacheDatabase.EncryptedSettings.Tests.csproj", "{EE8213FF-94DB-E2B7-2766-A11D9DB38C42}"
EndProject
Global
	GlobalSection(SolutionConfigurationPlatforms) = preSolution
		Debug|Any CPU = Debug|Any CPU
		Release|Any CPU = Release|Any CPU
	EndGlobalSection
	GlobalSection(ProjectConfigurationPlatforms) = postSolution
		{E98682E0-EB39-B46A-31B6-9BAE0D9F6AA4}.Debug|Any CPU.ActiveCfg = Debug|Any CPU
		{E98682E0-EB39-B46A-31B6-9BAE0D9F6AA4}.Debug|Any CPU.Build.0 = Debug|Any CPU
		{E98682E0-EB39-B46A-31B6-9BAE0D9F6AA4}.Release|Any CPU.ActiveCfg = Release|Any CPU
		{E98682E0-EB39-B46A-31B6-9BAE0D9F6AA4}.Release|Any CPU.Build.0 = Release|Any CPU
		{8B317CB9-6BBE-8DFD-FAE4-AE65594F713A}.Debug|Any CPU.ActiveCfg = Debug|Any CPU
		{8B317CB9-6BBE-8DFD-FAE4-AE65594F713A}.Debug|Any CPU.Build.0 = Debug|Any CPU
		{8B317CB9-6BBE-8DFD-FAE4-AE65594F713A}.Release|Any CPU.ActiveCfg = Release|Any CPU
		{8B317CB9-6BBE-8DFD-FAE4-AE65594F713A}.Release|Any CPU.Build.0 = Release|Any CPU
		{ADFC7975-D670-11D3-A7F2-35B85D528F7A}.Debug|Any CPU.ActiveCfg = Debug|Any CPU
		{ADFC7975-D670-11D3-A7F2-35B85D528F7A}.Debug|Any CPU.Build.0 = Debug|Any CPU
		{ADFC7975-D670-11D3-A7F2-35B85D528F7A}.Release|Any CPU.ActiveCfg = Release|Any CPU
		{ADFC7975-D670-11D3-A7F2-35B85D528F7A}.Release|Any CPU.Build.0 = Release|Any CPU
		{D430DD89-35AA-6061-7CDC-D46BE32FC669}.Debug|Any CPU.ActiveCfg = Debug|Any CPU
		{D430DD89-35AA-6061-7CDC-D46BE32FC669}.Debug|Any CPU.Build.0 = Debug|Any CPU
		{D430DD89-35AA-6061-7CDC-D46BE32FC669}.Release|Any CPU.ActiveCfg = Release|Any CPU
		{D430DD89-35AA-6061-7CDC-D46BE32FC669}.Release|Any CPU.Build.0 = Release|Any CPU
		{CA51D698-CE5B-EE7A-B6CD-DE9F89518805}.Debug|Any CPU.ActiveCfg = Debug|Any CPU
		{CA51D698-CE5B-EE7A-B6CD-DE9F89518805}.Debug|Any CPU.Build.0 = Debug|Any CPU
		{CA51D698-CE5B-EE7A-B6CD-DE9F89518805}.Release|Any CPU.ActiveCfg = Release|Any CPU
		{CA51D698-CE5B-EE7A-B6CD-DE9F89518805}.Release|Any CPU.Build.0 = Release|Any CPU
		{077CF6A4-F8C3-29C9-D78B-C7F759DB5384}.Debug|Any CPU.ActiveCfg = Debug|Any CPU
		{077CF6A4-F8C3-29C9-D78B-C7F759DB5384}.Debug|Any CPU.Build.0 = Debug|Any CPU
		{077CF6A4-F8C3-29C9-D78B-C7F759DB5384}.Release|Any CPU.ActiveCfg = Release|Any CPU
		{077CF6A4-F8C3-29C9-D78B-C7F759DB5384}.Release|Any CPU.Build.0 = Release|Any CPU
		{5139E4F4-4F2A-0299-5284-3D166D7D5841}.Debug|Any CPU.ActiveCfg = Debug|Any CPU
		{5139E4F4-4F2A-0299-5284-3D166D7D5841}.Debug|Any CPU.Build.0 = Debug|Any CPU
		{5139E4F4-4F2A-0299-5284-3D166D7D5841}.Release|Any CPU.ActiveCfg = Release|Any CPU
		{5139E4F4-4F2A-0299-5284-3D166D7D5841}.Release|Any CPU.Build.0 = Release|Any CPU
		{447307C3-35CF-E072-988D-682C7636A116}.Debug|Any CPU.ActiveCfg = Debug|Any CPU
		{447307C3-35CF-E072-988D-682C7636A116}.Debug|Any CPU.Build.0 = Debug|Any CPU
		{447307C3-35CF-E072-988D-682C7636A116}.Release|Any CPU.ActiveCfg = Release|Any CPU
		{447307C3-35CF-E072-988D-682C7636A116}.Release|Any CPU.Build.0 = Release|Any CPU
		{95375AF7-E250-AA8B-01D4-370859335666}.Debug|Any CPU.ActiveCfg = Debug|Any CPU
		{95375AF7-E250-AA8B-01D4-370859335666}.Debug|Any CPU.Build.0 = Debug|Any CPU
		{95375AF7-E250-AA8B-01D4-370859335666}.Release|Any CPU.ActiveCfg = Release|Any CPU
		{95375AF7-E250-AA8B-01D4-370859335666}.Release|Any CPU.Build.0 = Release|Any CPU
		{CB78A78C-6C0D-D1BE-AAAA-9AE2A2E6C0F4}.Debug|Any CPU.ActiveCfg = Debug|Any CPU
		{CB78A78C-6C0D-D1BE-AAAA-9AE2A2E6C0F4}.Debug|Any CPU.Build.0 = Debug|Any CPU
		{CB78A78C-6C0D-D1BE-AAAA-9AE2A2E6C0F4}.Release|Any CPU.ActiveCfg = Release|Any CPU
		{CB78A78C-6C0D-D1BE-AAAA-9AE2A2E6C0F4}.Release|Any CPU.Build.0 = Release|Any CPU
		{EE8213FF-94DB-E2B7-2766-A11D9DB38C42}.Debug|Any CPU.ActiveCfg = Debug|Any CPU
		{EE8213FF-94DB-E2B7-2766-A11D9DB38C42}.Debug|Any CPU.Build.0 = Debug|Any CPU
		{EE8213FF-94DB-E2B7-2766-A11D9DB38C42}.Release|Any CPU.ActiveCfg = Release|Any CPU
		{EE8213FF-94DB-E2B7-2766-A11D9DB38C42}.Release|Any CPU.Build.0 = Release|Any CPU
	EndGlobalSection
	GlobalSection(SolutionProperties) = preSolution
		HideSolutionNode = FALSE
	EndGlobalSection
	GlobalSection(ExtensibilityGlobals) = postSolution
		SolutionGuid = {90907D23-7F59-41C3-8FCD-3402C9B66143}
	EndGlobalSection
EndGlobal
